// !$*UTF8*$!
{
	archiveVersion = 1;
	classes = {
	};
	objectVersion = 56;
	objects = {

/* Begin PBXBuildFile section */
		08A8C0CC2B731B09003E56B8 /* lottieSplashScreenApp.swift in Sources */ = {isa = PBXBuildFile; fileRef = 08A8C0CB2B731B09003E56B8 /* lottieSplashScreenApp.swift */; };
		08A8C0CE2B731B09003E56B8 /* ContentView.swift in Sources */ = {isa = PBXBuildFile; fileRef = 08A8C0CD2B731B09003E56B8 /* ContentView.swift */; };
		08A8C0D02B731B0A003E56B8 /* Assets.xcassets in Resources */ = {isa = PBXBuildFile; fileRef = 08A8C0CF2B731B0A003E56B8 /* Assets.xcassets */; };
		08A8C0D32B731B0A003E56B8 /* Preview Assets.xcassets in Resources */ = {isa = PBXBuildFile; fileRef = 08A8C0D22B731B0A003E56B8 /* Preview Assets.xcassets */; };
		08A8C0DD2B731B0A003E56B8 /* lottieSplashScreenTests.swift in Sources */ = {isa = PBXBuildFile; fileRef = 08A8C0DC2B731B0A003E56B8 /* lottieSplashScreenTests.swift */; };
		08A8C0E72B731B0A003E56B8 /* lottieSplashScreenUITests.swift in Sources */ = {isa = PBXBuildFile; fileRef = 08A8C0E62B731B0A003E56B8 /* lottieSplashScreenUITests.swift */; };
		08A8C0E92B731B0A003E56B8 /* lottieSplashScreenUITestsLaunchTests.swift in Sources */ = {isa = PBXBuildFile; fileRef = 08A8C0E82B731B0A003E56B8 /* lottieSplashScreenUITestsLaunchTests.swift */; };
		08A8C0F72B731E02003E56B8 /* Lottie in Frameworks */ = {isa = PBXBuildFile; productRef = 08A8C0F62B731E02003E56B8 /* Lottie */; };
		08A8C0F92B731E3C003E56B8 /* LottieView.swift in Sources */ = {isa = PBXBuildFile; fileRef = 08A8C0F82B731E3C003E56B8 /* LottieView.swift */; };
		08A8C0FB2B731EB4003E56B8 /* loading_ani.json in Resources */ = {isa = PBXBuildFile; fileRef = 08A8C0FA2B731EB4003E56B8 /* loading_ani.json */; };
		08A8C0FD2B7323DB003E56B8 /* puppy.json in Resources */ = {isa = PBXBuildFile; fileRef = 08A8C0FC2B7323DB003E56B8 /* puppy.json */; };
		08A8C0FF2B73242E003E56B8 /* party.json in Resources */ = {isa = PBXBuildFile; fileRef = 08A8C0FE2B73242E003E56B8 /* party.json */; };
/* End PBXBuildFile section */

/* Begin PBXContainerItemProxy section */
		08A8C0D92B731B0A003E56B8 /* PBXContainerItemProxy */ = {
			isa = PBXContainerItemProxy;
			containerPortal = 08A8C0C02B731B09003E56B8 /* Project object */;
			proxyType = 1;
			remoteGlobalIDString = 08A8C0C72B731B09003E56B8;
			remoteInfo = lottieSplashScreen;
		};
		08A8C0E32B731B0A003E56B8 /* PBXContainerItemProxy */ = {
			isa = PBXContainerItemProxy;
			containerPortal = 08A8C0C02B731B09003E56B8 /* Project object */;
			proxyType = 1;
			remoteGlobalIDString = 08A8C0C72B731B09003E56B8;
			remoteInfo = lottieSplashScreen;
		};
/* End PBXContainerItemProxy section */

/* Begin PBXFileReference section */
		08A8C0C82B731B09003E56B8 /* lottieSplashScreen.app */ = {isa = PBXFileReference; explicitFileType = wrapper.application; includeInIndex = 0; path = lottieSplashScreen.app; sourceTree = BUILT_PRODUCTS_DIR; };
		08A8C0CB2B731B09003E56B8 /* lottieSplashScreenApp.swift */ = {isa = PBXFileReference; lastKnownFileType = sourcecode.swift; path = lottieSplashScreenApp.swift; sourceTree = "<group>"; };
		08A8C0CD2B731B09003E56B8 /* ContentView.swift */ = {isa = PBXFileReference; lastKnownFileType = sourcecode.swift; path = ContentView.swift; sourceTree = "<group>"; };
		08A8C0CF2B731B0A003E56B8 /* Assets.xcassets */ = {isa = PBXFileReference; lastKnownFileType = folder.assetcatalog; path = Assets.xcassets; sourceTree = "<group>"; };
		08A8C0D22B731B0A003E56B8 /* Preview Assets.xcassets */ = {isa = PBXFileReference; lastKnownFileType = folder.assetcatalog; path = "Preview Assets.xcassets"; sourceTree = "<group>"; };
		08A8C0D82B731B0A003E56B8 /* lottieSplashScreenTests.xctest */ = {isa = PBXFileReference; explicitFileType = wrapper.cfbundle; includeInIndex = 0; path = lottieSplashScreenTests.xctest; sourceTree = BUILT_PRODUCTS_DIR; };
		08A8C0DC2B731B0A003E56B8 /* lottieSplashScreenTests.swift */ = {isa = PBXFileReference; lastKnownFileType = sourcecode.swift; path = lottieSplashScreenTests.swift; sourceTree = "<group>"; };
		08A8C0E22B731B0A003E56B8 /* lottieSplashScreenUITests.xctest */ = {isa = PBXFileReference; explicitFileType = wrapper.cfbundle; includeInIndex = 0; path = lottieSplashScreenUITests.xctest; sourceTree = BUILT_PRODUCTS_DIR; };
		08A8C0E62B731B0A003E56B8 /* lottieSplashScreenUITests.swift */ = {isa = PBXFileReference; lastKnownFileType = sourcecode.swift; path = lottieSplashScreenUITests.swift; sourceTree = "<group>"; };
		08A8C0E82B731B0A003E56B8 /* lottieSplashScreenUITestsLaunchTests.swift */ = {isa = PBXFileReference; lastKnownFileType = sourcecode.swift; path = lottieSplashScreenUITestsLaunchTests.swift; sourceTree = "<group>"; };
		08A8C0F82B731E3C003E56B8 /* LottieView.swift */ = {isa = PBXFileReference; lastKnownFileType = sourcecode.swift; path = LottieView.swift; sourceTree = "<group>"; };
		08A8C0FA2B731EB4003E56B8 /* loading_ani.json */ = {isa = PBXFileReference; fileEncoding = 4; lastKnownFileType = text.json; path = loading_ani.json; sourceTree = "<group>"; };
		08A8C0FC2B7323DB003E56B8 /* puppy.json */ = {isa = PBXFileReference; fileEncoding = 4; lastKnownFileType = text.json; path = puppy.json; sourceTree = "<group>"; };
		08A8C0FE2B73242E003E56B8 /* party.json */ = {isa = PBXFileReference; fileEncoding = 4; lastKnownFileType = text.json; path = party.json; sourceTree = "<group>"; };
/* End PBXFileReference section */

/* Begin PBXFrameworksBuildPhase section */
		08A8C0C52B731B09003E56B8 /* Frameworks */ = {
			isa = PBXFrameworksBuildPhase;
			buildActionMask = 2147483647;
			files = (
				08A8C0F72B731E02003E56B8 /* Lottie in Frameworks */,
			);
			runOnlyForDeploymentPostprocessing = 0;
		};
		08A8C0D52B731B0A003E56B8 /* Frameworks */ = {
			isa = PBXFrameworksBuildPhase;
			buildActionMask = 2147483647;
			files = (
			);
			runOnlyForDeploymentPostprocessing = 0;
		};
		08A8C0DF2B731B0A003E56B8 /* Frameworks */ = {
			isa = PBXFrameworksBuildPhase;
			buildActionMask = 2147483647;
			files = (
			);
			runOnlyForDeploymentPostprocessing = 0;
		};
/* End PBXFrameworksBuildPhase section */

/* Begin PBXGroup section */
		08A8C0BF2B731B09003E56B8 = {
			isa = PBXGroup;
			children = (
				08A8C0CA2B731B09003E56B8 /* lottieSplashScreen */,
				08A8C0DB2B731B0A003E56B8 /* lottieSplashScreenTests */,
				08A8C0E52B731B0A003E56B8 /* lottieSplashScreenUITests */,
				08A8C0C92B731B09003E56B8 /* Products */,
			);
			sourceTree = "<group>";
		};
		08A8C0C92B731B09003E56B8 /* Products */ = {
			isa = PBXGroup;
			children = (
				08A8C0C82B731B09003E56B8 /* lottieSplashScreen.app */,
				08A8C0D82B731B0A003E56B8 /* lottieSplashScreenTests.xctest */,
				08A8C0E22B731B0A003E56B8 /* lottieSplashScreenUITests.xctest */,
			);
			name = Products;
			sourceTree = "<group>";
		};
		08A8C0CA2B731B09003E56B8 /* lottieSplashScreen */ = {
			isa = PBXGroup;
			children = (
				08A8C0FE2B73242E003E56B8 /* party.json */,
				08A8C0FA2B731EB4003E56B8 /* loading_ani.json */,
				08A8C0FC2B7323DB003E56B8 /* puppy.json */,
				08A8C0CB2B731B09003E56B8 /* lottieSplashScreenApp.swift */,
				08A8C0CD2B731B09003E56B8 /* ContentView.swift */,
				08A8C0F82B731E3C003E56B8 /* LottieView.swift */,
				08A8C0CF2B731B0A003E56B8 /* Assets.xcassets */,
				08A8C0D12B731B0A003E56B8 /* Preview Content */,
			);
			path = lottieSplashScreen;
			sourceTree = "<group>";
		};
		08A8C0D12B731B0A003E56B8 /* Preview Content */ = {
			isa = PBXGroup;
			children = (
				08A8C0D22B731B0A003E56B8 /* Preview Assets.xcassets */,
			);
			path = "Preview Content";
			sourceTree = "<group>";
		};
		08A8C0DB2B731B0A003E56B8 /* lottieSplashScreenTests */ = {
			isa = PBXGroup;
			children = (
				08A8C0DC2B731B0A003E56B8 /* lottieSplashScreenTests.swift */,
			);
			path = lottieSplashScreenTests;
			sourceTree = "<group>";
		};
		08A8C0E52B731B0A003E56B8 /* lottieSplashScreenUITests */ = {
			isa = PBXGroup;
			children = (
				08A8C0E62B731B0A003E56B8 /* lottieSplashScreenUITests.swift */,
				08A8C0E82B731B0A003E56B8 /* lottieSplashScreenUITestsLaunchTests.swift */,
			);
			path = lottieSplashScreenUITests;
			sourceTree = "<group>";
		};
/* End PBXGroup section */

/* Begin PBXNativeTarget section */
		08A8C0C72B731B09003E56B8 /* lottieSplashScreen */ = {
			isa = PBXNativeTarget;
			buildConfigurationList = 08A8C0EC2B731B0A003E56B8 /* Build configuration list for PBXNativeTarget "lottieSplashScreen" */;
			buildPhases = (
				08A8C0C42B731B09003E56B8 /* Sources */,
				08A8C0C52B731B09003E56B8 /* Frameworks */,
				08A8C0C62B731B09003E56B8 /* Resources */,
			);
			buildRules = (
			);
			dependencies = (
			);
			name = lottieSplashScreen;
			packageProductDependencies = (
				08A8C0F62B731E02003E56B8 /* Lottie */,
			);
			productName = lottieSplashScreen;
			productReference = 08A8C0C82B731B09003E56B8 /* lottieSplashScreen.app */;
			productType = "com.apple.product-type.application";
		};
		08A8C0D72B731B0A003E56B8 /* lottieSplashScreenTests */ = {
			isa = PBXNativeTarget;
			buildConfigurationList = 08A8C0EF2B731B0A003E56B8 /* Build configuration list for PBXNativeTarget "lottieSplashScreenTests" */;
			buildPhases = (
				08A8C0D42B731B0A003E56B8 /* Sources */,
				08A8C0D52B731B0A003E56B8 /* Frameworks */,
				08A8C0D62B731B0A003E56B8 /* Resources */,
			);
			buildRules = (
			);
			dependencies = (
				08A8C0DA2B731B0A003E56B8 /* PBXTargetDependency */,
			);
			name = lottieSplashScreenTests;
			productName = lottieSplashScreenTests;
			productReference = 08A8C0D82B731B0A003E56B8 /* lottieSplashScreenTests.xctest */;
			productType = "com.apple.product-type.bundle.unit-test";
		};
		08A8C0E12B731B0A003E56B8 /* lottieSplashScreenUITests */ = {
			isa = PBXNativeTarget;
			buildConfigurationList = 08A8C0F22B731B0A003E56B8 /* Build configuration list for PBXNativeTarget "lottieSplashScreenUITests" */;
			buildPhases = (
				08A8C0DE2B731B0A003E56B8 /* Sources */,
				08A8C0DF2B731B0A003E56B8 /* Frameworks */,
				08A8C0E02B731B0A003E56B8 /* Resources */,
			);
			buildRules = (
			);
			dependencies = (
				08A8C0E42B731B0A003E56B8 /* PBXTargetDependency */,
			);
			name = lottieSplashScreenUITests;
			productName = lottieSplashScreenUITests;
			productReference = 08A8C0E22B731B0A003E56B8 /* lottieSplashScreenUITests.xctest */;
			productType = "com.apple.product-type.bundle.ui-testing";
		};
/* End PBXNativeTarget section */

/* Begin PBXProject section */
		08A8C0C02B731B09003E56B8 /* Project object */ = {
			isa = PBXProject;
			attributes = {
				BuildIndependentTargetsInParallel = 1;
				LastSwiftUpdateCheck = 1510;
				LastUpgradeCheck = 1510;
				TargetAttributes = {
					08A8C0C72B731B09003E56B8 = {
						CreatedOnToolsVersion = 15.1;
					};
					08A8C0D72B731B0A003E56B8 = {
						CreatedOnToolsVersion = 15.1;
						TestTargetID = 08A8C0C72B731B09003E56B8;
					};
					08A8C0E12B731B0A003E56B8 = {
						CreatedOnToolsVersion = 15.1;
						TestTargetID = 08A8C0C72B731B09003E56B8;
					};
				};
			};
			buildConfigurationList = 08A8C0C32B731B09003E56B8 /* Build configuration list for PBXProject "lottieSplashScreen" */;
			compatibilityVersion = "Xcode 14.0";
			developmentRegion = en;
			hasScannedForEncodings = 0;
			knownRegions = (
				en,
				Base,
			);
			mainGroup = 08A8C0BF2B731B09003E56B8;
			packageReferences = (
				08A8C0F52B731E02003E56B8 /* XCRemoteSwiftPackageReference "lottie-ios" */,
			);
			productRefGroup = 08A8C0C92B731B09003E56B8 /* Products */;
			projectDirPath = "";
			projectRoot = "";
			targets = (
				08A8C0C72B731B09003E56B8 /* lottieSplashScreen */,
				08A8C0D72B731B0A003E56B8 /* lottieSplashScreenTests */,
				08A8C0E12B731B0A003E56B8 /* lottieSplashScreenUITests */,
			);
		};
/* End PBXProject section */

/* Begin PBXResourcesBuildPhase section */
		08A8C0C62B731B09003E56B8 /* Resources */ = {
			isa = PBXResourcesBuildPhase;
			buildActionMask = 2147483647;
			files = (
				08A8C0D32B731B0A003E56B8 /* Preview Assets.xcassets in Resources */,
				08A8C0FD2B7323DB003E56B8 /* puppy.json in Resources */,
				08A8C0FB2B731EB4003E56B8 /* loading_ani.json in Resources */,
				08A8C0FF2B73242E003E56B8 /* party.json in Resources */,
				08A8C0D02B731B0A003E56B8 /* Assets.xcassets in Resources */,
			);
			runOnlyForDeploymentPostprocessing = 0;
		};
		08A8C0D62B731B0A003E56B8 /* Resources */ = {
			isa = PBXResourcesBuildPhase;
			buildActionMask = 2147483647;
			files = (
			);
			runOnlyForDeploymentPostprocessing = 0;
		};
		08A8C0E02B731B0A003E56B8 /* Resources */ = {
			isa = PBXResourcesBuildPhase;
			buildActionMask = 2147483647;
			files = (
			);
			runOnlyForDeploymentPostprocessing = 0;
		};
/* End PBXResourcesBuildPhase section */

/* Begin PBXSourcesBuildPhase section */
		08A8C0C42B731B09003E56B8 /* Sources */ = {
			isa = PBXSourcesBuildPhase;
			buildActionMask = 2147483647;
			files = (
				08A8C0CE2B731B09003E56B8 /* ContentView.swift in Sources */,
				08A8C0CC2B731B09003E56B8 /* lottieSplashScreenApp.swift in Sources */,
				08A8C0F92B731E3C003E56B8 /* LottieView.swift in Sources */,
			);
			runOnlyForDeploymentPostprocessing = 0;
		};
		08A8C0D42B731B0A003E56B8 /* Sources */ = {
			isa = PBXSourcesBuildPhase;
			buildActionMask = 2147483647;
			files = (
				08A8C0DD2B731B0A003E56B8 /* lottieSplashScreenTests.swift in Sources */,
			);
			runOnlyForDeploymentPostprocessing = 0;
		};
		08A8C0DE2B731B0A003E56B8 /* Sources */ = {
			isa = PBXSourcesBuildPhase;
			buildActionMask = 2147483647;
			files = (
				08A8C0E92B731B0A003E56B8 /* lottieSplashScreenUITestsLaunchTests.swift in Sources */,
				08A8C0E72B731B0A003E56B8 /* lottieSplashScreenUITests.swift in Sources */,
			);
			runOnlyForDeploymentPostprocessing = 0;
		};
/* End PBXSourcesBuildPhase section */

/* Begin PBXTargetDependency section */
		08A8C0DA2B731B0A003E56B8 /* PBXTargetDependency */ = {
			isa = PBXTargetDependency;
			target = 08A8C0C72B731B09003E56B8 /* lottieSplashScreen */;
			targetProxy = 08A8C0D92B731B0A003E56B8 /* PBXContainerItemProxy */;
		};
		08A8C0E42B731B0A003E56B8 /* PBXTargetDependency */ = {
			isa = PBXTargetDependency;
			target = 08A8C0C72B731B09003E56B8 /* lottieSplashScreen */;
			targetProxy = 08A8C0E32B731B0A003E56B8 /* PBXContainerItemProxy */;
		};
/* End PBXTargetDependency section */

/* Begin XCBuildConfiguration section */
		08A8C0EA2B731B0A003E56B8 /* Debug */ = {
			isa = XCBuildConfiguration;
			buildSettings = {
				ALWAYS_SEARCH_USER_PATHS = NO;
				ASSETCATALOG_COMPILER_GENERATE_SWIFT_ASSET_SYMBOL_EXTENSIONS = YES;
				CLANG_ANALYZER_NONNULL = YES;
				CLANG_ANALYZER_NUMBER_OBJECT_CONVERSION = YES_AGGRESSIVE;
				CLANG_CXX_LANGUAGE_STANDARD = "gnu++20";
				CLANG_ENABLE_MODULES = YES;
				CLANG_ENABLE_OBJC_ARC = YES;
				CLANG_ENABLE_OBJC_WEAK = YES;
				CLANG_WARN_BLOCK_CAPTURE_AUTORELEASING = YES;
				CLANG_WARN_BOOL_CONVERSION = YES;
				CLANG_WARN_COMMA = YES;
				CLANG_WARN_CONSTANT_CONVERSION = YES;
				CLANG_WARN_DEPRECATED_OBJC_IMPLEMENTATIONS = YES;
				CLANG_WARN_DIRECT_OBJC_ISA_USAGE = YES_ERROR;
				CLANG_WARN_DOCUMENTATION_COMMENTS = YES;
				CLANG_WARN_EMPTY_BODY = YES;
				CLANG_WARN_ENUM_CONVERSION = YES;
				CLANG_WARN_INFINITE_RECURSION = YES;
				CLANG_WARN_INT_CONVERSION = YES;
				CLANG_WARN_NON_LITERAL_NULL_CONVERSION = YES;
				CLANG_WARN_OBJC_IMPLICIT_RETAIN_SELF = YES;
				CLANG_WARN_OBJC_LITERAL_CONVERSION = YES;
				CLANG_WARN_OBJC_ROOT_CLASS = YES_ERROR;
				CLANG_WARN_QUOTED_INCLUDE_IN_FRAMEWORK_HEADER = YES;
				CLANG_WARN_RANGE_LOOP_ANALYSIS = YES;
				CLANG_WARN_STRICT_PROTOTYPES = YES;
				CLANG_WARN_SUSPICIOUS_MOVE = YES;
				CLANG_WARN_UNGUARDED_AVAILABILITY = YES_AGGRESSIVE;
				CLANG_WARN_UNREACHABLE_CODE = YES;
				CLANG_WARN__DUPLICATE_METHOD_MATCH = YES;
				COPY_PHASE_STRIP = NO;
				DEBUG_INFORMATION_FORMAT = dwarf;
				ENABLE_STRICT_OBJC_MSGSEND = YES;
				ENABLE_TESTABILITY = YES;
				ENABLE_USER_SCRIPT_SANDBOXING = YES;
				GCC_C_LANGUAGE_STANDARD = gnu17;
				GCC_DYNAMIC_NO_PIC = NO;
				GCC_NO_COMMON_BLOCKS = YES;
				GCC_OPTIMIZATION_LEVEL = 0;
				GCC_PREPROCESSOR_DEFINITIONS = (
					"DEBUG=1",
					"$(inherited)",
				);
				GCC_WARN_64_TO_32_BIT_CONVERSION = YES;
				GCC_WARN_ABOUT_RETURN_TYPE = YES_ERROR;
				GCC_WARN_UNDECLARED_SELECTOR = YES;
				GCC_WARN_UNINITIALIZED_AUTOS = YES_AGGRESSIVE;
				GCC_WARN_UNUSED_FUNCTION = YES;
				GCC_WARN_UNUSED_VARIABLE = YES;
				IPHONEOS_DEPLOYMENT_TARGET = 17.2;
				LOCALIZATION_PREFERS_STRING_CATALOGS = YES;
				MTL_ENABLE_DEBUG_INFO = INCLUDE_SOURCE;
				MTL_FAST_MATH = YES;
				ONLY_ACTIVE_ARCH = YES;
				SDKROOT = iphoneos;
				SWIFT_ACTIVE_COMPILATION_CONDITIONS = "DEBUG $(inherited)";
				SWIFT_OPTIMIZATION_LEVEL = "-Onone";
			};
			name = Debug;
		};
		08A8C0EB2B731B0A003E56B8 /* Release */ = {
			isa = XCBuildConfiguration;
			buildSettings = {
				ALWAYS_SEARCH_USER_PATHS = NO;
				ASSETCATALOG_COMPILER_GENERATE_SWIFT_ASSET_SYMBOL_EXTENSIONS = YES;
				CLANG_ANALYZER_NONNULL = YES;
				CLANG_ANALYZER_NUMBER_OBJECT_CONVERSION = YES_AGGRESSIVE;
				CLANG_CXX_LANGUAGE_STANDARD = "gnu++20";
				CLANG_ENABLE_MODULES = YES;
				CLANG_ENABLE_OBJC_ARC = YES;
				CLANG_ENABLE_OBJC_WEAK = YES;
				CLANG_WARN_BLOCK_CAPTURE_AUTORELEASING = YES;
				CLANG_WARN_BOOL_CONVERSION = YES;
				CLANG_WARN_COMMA = YES;
				CLANG_WARN_CONSTANT_CONVERSION = YES;
				CLANG_WARN_DEPRECATED_OBJC_IMPLEMENTATIONS = YES;
				CLANG_WARN_DIRECT_OBJC_ISA_USAGE = YES_ERROR;
				CLANG_WARN_DOCUMENTATION_COMMENTS = YES;
				CLANG_WARN_EMPTY_BODY = YES;
				CLANG_WARN_ENUM_CONVERSION = YES;
				CLANG_WARN_INFINITE_RECURSION = YES;
				CLANG_WARN_INT_CONVERSION = YES;
				CLANG_WARN_NON_LITERAL_NULL_CONVERSION = YES;
				CLANG_WARN_OBJC_IMPLICIT_RETAIN_SELF = YES;
				CLANG_WARN_OBJC_LITERAL_CONVERSION = YES;
				CLANG_WARN_OBJC_ROOT_CLASS = YES_ERROR;
				CLANG_WARN_QUOTED_INCLUDE_IN_FRAMEWORK_HEADER = YES;
				CLANG_WARN_RANGE_LOOP_ANALYSIS = YES;
				CLANG_WARN_STRICT_PROTOTYPES = YES;
				CLANG_WARN_SUSPICIOUS_MOVE = YES;
				CLANG_WARN_UNGUARDED_AVAILABILITY = YES_AGGRESSIVE;
				CLANG_WARN_UNREACHABLE_CODE = YES;
				CLANG_WARN__DUPLICATE_METHOD_MATCH = YES;
				COPY_PHASE_STRIP = NO;
				DEBUG_INFORMATION_FORMAT = "dwarf-with-dsym";
				ENABLE_NS_ASSERTIONS = NO;
				ENABLE_STRICT_OBJC_MSGSEND = YES;
				ENABLE_USER_SCRIPT_SANDBOXING = YES;
				GCC_C_LANGUAGE_STANDARD = gnu17;
				GCC_NO_COMMON_BLOCKS = YES;
				GCC_WARN_64_TO_32_BIT_CONVERSION = YES;
				GCC_WARN_ABOUT_RETURN_TYPE = YES_ERROR;
				GCC_WARN_UNDECLARED_SELECTOR = YES;
				GCC_WARN_UNINITIALIZED_AUTOS = YES_AGGRESSIVE;
				GCC_WARN_UNUSED_FUNCTION = YES;
				GCC_WARN_UNUSED_VARIABLE = YES;
				IPHONEOS_DEPLOYMENT_TARGET = 17.2;
				LOCALIZATION_PREFERS_STRING_CATALOGS = YES;
				MTL_ENABLE_DEBUG_INFO = NO;
				MTL_FAST_MATH = YES;
				SDKROOT = iphoneos;
				SWIFT_COMPILATION_MODE = wholemodule;
				VALIDATE_PRODUCT = YES;
			};
			name = Release;
		};
		08A8C0ED2B731B0A003E56B8 /* Debug */ = {
			isa = XCBuildConfiguration;
			buildSettings = {
				ASSETCATALOG_COMPILER_APPICON_NAME = AppIcon;
				ASSETCATALOG_COMPILER_GLOBAL_ACCENT_COLOR_NAME = AccentColor;
				CODE_SIGN_STYLE = Automatic;
				CURRENT_PROJECT_VERSION = 1;
				DEVELOPMENT_ASSET_PATHS = "\"lottieSplashScreen/Preview Content\"";
				DEVELOPMENT_TEAM = FQRWL84Z3B;
				ENABLE_PREVIEWS = YES;
				GENERATE_INFOPLIST_FILE = YES;
				INFOPLIST_KEY_UIApplicationSceneManifest_Generation = YES;
				INFOPLIST_KEY_UIApplicationSupportsIndirectInputEvents = YES;
				INFOPLIST_KEY_UILaunchScreen_Generation = YES;
				INFOPLIST_KEY_UISupportedInterfaceOrientations_iPad = "UIInterfaceOrientationPortrait UIInterfaceOrientationPortraitUpsideDown UIInterfaceOrientationLandscapeLeft UIInterfaceOrientationLandscapeRight";
				INFOPLIST_KEY_UISupportedInterfaceOrientations_iPhone = "UIInterfaceOrientationPortrait UIInterfaceOrientationLandscapeLeft UIInterfaceOrientationLandscapeRight";
				LD_RUNPATH_SEARCH_PATHS = (
					"$(inherited)",
					"@executable_path/Frameworks",
				);
				MARKETING_VERSION = 1.0;
				PRODUCT_BUNDLE_IDENTIFIER = com.woosub.lottieSplashScreen;
				PRODUCT_NAME = "$(TARGET_NAME)";
				SWIFT_EMIT_LOC_STRINGS = YES;
				SWIFT_VERSION = 5.0;
				TARGETED_DEVICE_FAMILY = "1,2";
			};
			name = Debug;
		};
		08A8C0EE2B731B0A003E56B8 /* Release */ = {
			isa = XCBuildConfiguration;
			buildSettings = {
				ASSETCATALOG_COMPILER_APPICON_NAME = AppIcon;
				ASSETCATALOG_COMPILER_GLOBAL_ACCENT_COLOR_NAME = AccentColor;
				CODE_SIGN_STYLE = Automatic;
				CURRENT_PROJECT_VERSION = 1;
				DEVELOPMENT_ASSET_PATHS = "\"lottieSplashScreen/Preview Content\"";
				DEVELOPMENT_TEAM = FQRWL84Z3B;
				ENABLE_PREVIEWS = YES;
				GENERATE_INFOPLIST_FILE = YES;
				INFOPLIST_KEY_UIApplicationSceneManifest_Generation = YES;
				INFOPLIST_KEY_UIApplicationSupportsIndirectInputEvents = YES;
				INFOPLIST_KEY_UILaunchScreen_Generation = YES;
				INFOPLIST_KEY_UISupportedInterfaceOrientations_iPad = "UIInterfaceOrientationPortrait UIInterfaceOrientationPortraitUpsideDown UIInterfaceOrientationLandscapeLeft UIInterfaceOrientationLandscapeRight";
				INFOPLIST_KEY_UISupportedInterfaceOrientations_iPhone = "UIInterfaceOrientationPortrait UIInterfaceOrientationLandscapeLeft UIInterfaceOrientationLandscapeRight";
				LD_RUNPATH_SEARCH_PATHS = (
					"$(inherited)",
					"@executable_path/Frameworks",
				);
				MARKETING_VERSION = 1.0;
				PRODUCT_BUNDLE_IDENTIFIER = com.woosub.lottieSplashScreen;
				PRODUCT_NAME = "$(TARGET_NAME)";
				SWIFT_EMIT_LOC_STRINGS = YES;
				SWIFT_VERSION = 5.0;
				TARGETED_DEVICE_FAMILY = "1,2";
			};
			name = Release;
		};
		08A8C0F02B731B0A003E56B8 /* Debug */ = {
			isa = XCBuildConfiguration;
			buildSettings = {
				ALWAYS_EMBED_SWIFT_STANDARD_LIBRARIES = YES;
				BUNDLE_LOADER = "$(TEST_HOST)";
				CODE_SIGN_STYLE = Automatic;
				CURRENT_PROJECT_VERSION = 1;
				DEVELOPMENT_TEAM = FQRWL84Z3B;
				GENERATE_INFOPLIST_FILE = YES;
				IPHONEOS_DEPLOYMENT_TARGET = 17.2;
				MARKETING_VERSION = 1.0;
				PRODUCT_BUNDLE_IDENTIFIER = com.woosub.lottieSplashScreenTests;
				PRODUCT_NAME = "$(TARGET_NAME)";
				SWIFT_EMIT_LOC_STRINGS = NO;
				SWIFT_VERSION = 5.0;
				TARGETED_DEVICE_FAMILY = "1,2";
				TEST_HOST = "$(BUILT_PRODUCTS_DIR)/lottieSplashScreen.app/$(BUNDLE_EXECUTABLE_FOLDER_PATH)/lottieSplashScreen";
			};
			name = Debug;
		};
		08A8C0F12B731B0A003E56B8 /* Release */ = {
			isa = XCBuildConfiguration;
			buildSettings = {
				ALWAYS_EMBED_SWIFT_STANDARD_LIBRARIES = YES;
				BUNDLE_LOADER = "$(TEST_HOST)";
				CODE_SIGN_STYLE = Automatic;
				CURRENT_PROJECT_VERSION = 1;
				DEVELOPMENT_TEAM = FQRWL84Z3B;
				GENERATE_INFOPLIST_FILE = YES;
				IPHONEOS_DEPLOYMENT_TARGET = 17.2;
				MARKETING_VERSION = 1.0;
				PRODUCT_BUNDLE_IDENTIFIER = com.woosub.lottieSplashScreenTests;
				PRODUCT_NAME = "$(TARGET_NAME)";
				SWIFT_EMIT_LOC_STRINGS = NO;
				SWIFT_VERSION = 5.0;
				TARGETED_DEVICE_FAMILY = "1,2";
				TEST_HOST = "$(BUILT_PRODUCTS_DIR)/lottieSplashScreen.app/$(BUNDLE_EXECUTABLE_FOLDER_PATH)/lottieSplashScreen";
			};
			name = Release;
		};
		08A8C0F32B731B0A003E56B8 /* Debug */ = {
			isa = XCBuildConfiguration;
			buildSettings = {
				ALWAYS_EMBED_SWIFT_STANDARD_LIBRARIES = YES;
				CODE_SIGN_STYLE = Automatic;
				CURRENT_PROJECT_VERSION = 1;
				DEVELOPMENT_TEAM = FQRWL84Z3B;
				GENERATE_INFOPLIST_FILE = YES;
				MARKETING_VERSION = 1.0;
				PRODUCT_BUNDLE_IDENTIFIER = com.woosub.lottieSplashScreenUITests;
				PRODUCT_NAME = "$(TARGET_NAME)";
				SWIFT_EMIT_LOC_STRINGS = NO;
				SWIFT_VERSION = 5.0;
				TARGETED_DEVICE_FAMILY = "1,2";
				TEST_TARGET_NAME = lottieSplashScreen;
			};
			name = Debug;
		};
		08A8C0F42B731B0A003E56B8 /* Release */ = {
			isa = XCBuildConfiguration;
			buildSettings = {
				ALWAYS_EMBED_SWIFT_STANDARD_LIBRARIES = YES;
				CODE_SIGN_STYLE = Automatic;
				CURRENT_PROJECT_VERSION = 1;
				DEVELOPMENT_TEAM = FQRWL84Z3B;
				GENERATE_INFOPLIST_FILE = YES;
				MARKETING_VERSION = 1.0;
				PRODUCT_BUNDLE_IDENTIFIER = com.woosub.lottieSplashScreenUITests;
				PRODUCT_NAME = "$(TARGET_NAME)";
				SWIFT_EMIT_LOC_STRINGS = NO;
				SWIFT_VERSION = 5.0;
				TARGETED_DEVICE_FAMILY = "1,2";
				TEST_TARGET_NAME = lottieSplashScreen;
			};
			name = Release;
		};
/* End XCBuildConfiguration section */

/* Begin XCConfigurationList section */
		08A8C0C32B731B09003E56B8 /* Build configuration list for PBXProject "lottieSplashScreen" */ = {
			isa = XCConfigurationList;
			buildConfigurations = (
				08A8C0EA2B731B0A003E56B8 /* Debug */,
				08A8C0EB2B731B0A003E56B8 /* Release */,
			);
			defaultConfigurationIsVisible = 0;
			defaultConfigurationName = Release;
		};
		08A8C0EC2B731B0A003E56B8 /* Build configuration list for PBXNativeTarget "lottieSplashScreen" */ = {
			isa = XCConfigurationList;
			buildConfigurations = (
				08A8C0ED2B731B0A003E56B8 /* Debug */,
				08A8C0EE2B731B0A003E56B8 /* Release */,
			);
			defaultConfigurationIsVisible = 0;
			defaultConfigurationName = Release;
		};
		08A8C0EF2B731B0A003E56B8 /* Build configuration list for PBXNativeTarget "lottieSplashScreenTests" */ = {
			isa = XCConfigurationList;
			buildConfigurations = (
				08A8C0F02B731B0A003E56B8 /* Debug */,
				08A8C0F12B731B0A003E56B8 /* Release */,
			);
			defaultConfigurationIsVisible = 0;
			defaultConfigurationName = Release;
		};
		08A8C0F22B731B0A003E56B8 /* Build configuration list for PBXNativeTarget "lottieSplashScreenUITests" */ = {
			isa = XCConfigurationList;
			buildConfigurations = (
				08A8C0F32B731B0A003E56B8 /* Debug */,
				08A8C0F42B731B0A003E56B8 /* Release */,
			);
			defaultConfigurationIsVisible = 0;
			defaultConfigurationName = Release;
		};
/* End XCConfigurationList section */

/* Begin XCRemoteSwiftPackageReference section */
		08A8C0F52B731E02003E56B8 /* XCRemoteSwiftPackageReference "lottie-ios" */ = {
			isa = XCRemoteSwiftPackageReference;
			repositoryURL = "https://github.com/airbnb/lottie-ios.git";
			requirement = {
				kind = upToNextMajorVersion;
				minimumVersion = 4.4.0;
			};
		};
/* End XCRemoteSwiftPackageReference section */

/* Begin XCSwiftPackageProductDependency section */
		08A8C0F62B731E02003E56B8 /* Lottie */ = {
			isa = XCSwiftPackageProductDependency;
			package = 08A8C0F52B731E02003E56B8 /* XCRemoteSwiftPackageReference "lottie-ios" */;
			productName = Lottie;
		};
/* End XCSwiftPackageProductDependency section */
	};
	rootObject = 08A8C0C02B731B09003E56B8 /* Project object */;
}
