// !$*UTF8*$!
{
	archiveVersion = 1;
	classes = {
	};
	objectVersion = 56;
	objects = {

/* Begin PBXBuildFile section */
		A58EA9DA2B2E9DE70089B1BD /* AppleFrameworkApp.swift in Sources */ = {isa = PBXBuildFile; fileRef = A58EA9D92B2E9DE70089B1BD /* AppleFrameworkApp.swift */; };
		A58EA9DC2B2E9DE70089B1BD /* FrameworkListView.swift in Sources */ = {isa = PBXBuildFile; fileRef = A58EA9DB2B2E9DE70089B1BD /* FrameworkListView.swift */; };
		A58EA9DE2B2E9DE90089B1BD /* Assets.xcassets in Resources */ = {isa = PBXBuildFile; fileRef = A58EA9DD2B2E9DE90089B1BD /* Assets.xcassets */; };
		A58EA9E12B2E9DE90089B1BD /* Preview Assets.xcassets in Resources */ = {isa = PBXBuildFile; fileRef = A58EA9E02B2E9DE90089B1BD /* Preview Assets.xcassets */; };
		A58EA9EB2B2E9DE90089B1BD /* AppleFrameworkTests.swift in Sources */ = {isa = PBXBuildFile; fileRef = A58EA9EA2B2E9DE90089B1BD /* AppleFrameworkTests.swift */; };
		A58EA9F52B2E9DEA0089B1BD /* AppleFrameworkUITests.swift in Sources */ = {isa = PBXBuildFile; fileRef = A58EA9F42B2E9DEA0089B1BD /* AppleFrameworkUITests.swift */; };
		A58EA9F72B2E9DEA0089B1BD /* AppleFrameworkUITestsLaunchTests.swift in Sources */ = {isa = PBXBuildFile; fileRef = A58EA9F62B2E9DEA0089B1BD /* AppleFrameworkUITestsLaunchTests.swift */; };
		A58EAA042B2E9E300089B1BD /* FrameworkData.swift in Sources */ = {isa = PBXBuildFile; fileRef = A58EAA032B2E9E300089B1BD /* FrameworkData.swift */; };
		A58EAA062B2E9EC10089B1BD /* FrameworkCell.swift in Sources */ = {isa = PBXBuildFile; fileRef = A58EAA052B2E9EC10089B1BD /* FrameworkCell.swift */; };
/* End PBXBuildFile section */

/* Begin PBXContainerItemProxy section */
		A58EA9E72B2E9DE90089B1BD /* PBXContainerItemProxy */ = {
			isa = PBXContainerItemProxy;
			containerPortal = A58EA9CE2B2E9DE70089B1BD /* Project object */;
			proxyType = 1;
			remoteGlobalIDString = A58EA9D52B2E9DE70089B1BD;
			remoteInfo = AppleFramework;
		};
		A58EA9F12B2E9DE90089B1BD /* PBXContainerItemProxy */ = {
			isa = PBXContainerItemProxy;
			containerPortal = A58EA9CE2B2E9DE70089B1BD /* Project object */;
			proxyType = 1;
			remoteGlobalIDString = A58EA9D52B2E9DE70089B1BD;
			remoteInfo = AppleFramework;
		};
/* End PBXContainerItemProxy section */

/* Begin PBXFileReference section */
		A58EA9D62B2E9DE70089B1BD /* AppleFramework.app */ = {isa = PBXFileReference; explicitFileType = wrapper.application; includeInIndex = 0; path = AppleFramework.app; sourceTree = BUILT_PRODUCTS_DIR; };
		A58EA9D92B2E9DE70089B1BD /* AppleFrameworkApp.swift */ = {isa = PBXFileReference; lastKnownFileType = sourcecode.swift; path = AppleFrameworkApp.swift; sourceTree = "<group>"; };
		A58EA9DB2B2E9DE70089B1BD /* FrameworkListView.swift */ = {isa = PBXFileReference; lastKnownFileType = sourcecode.swift; path = FrameworkListView.swift; sourceTree = "<group>"; };
		A58EA9DD2B2E9DE90089B1BD /* Assets.xcassets */ = {isa = PBXFileReference; lastKnownFileType = folder.assetcatalog; path = Assets.xcassets; sourceTree = "<group>"; };
		A58EA9E02B2E9DE90089B1BD /* Preview Assets.xcassets */ = {isa = PBXFileReference; lastKnownFileType = folder.assetcatalog; path = "Preview Assets.xcassets"; sourceTree = "<group>"; };
		A58EA9E62B2E9DE90089B1BD /* AppleFrameworkTests.xctest */ = {isa = PBXFileReference; explicitFileType = wrapper.cfbundle; includeInIndex = 0; path = AppleFrameworkTests.xctest; sourceTree = BUILT_PRODUCTS_DIR; };
		A58EA9EA2B2E9DE90089B1BD /* AppleFrameworkTests.swift */ = {isa = PBXFileReference; lastKnownFileType = sourcecode.swift; path = AppleFrameworkTests.swift; sourceTree = "<group>"; };
		A58EA9F02B2E9DE90089B1BD /* AppleFrameworkUITests.xctest */ = {isa = PBXFileReference; explicitFileType = wrapper.cfbundle; includeInIndex = 0; path = AppleFrameworkUITests.xctest; sourceTree = BUILT_PRODUCTS_DIR; };
		A58EA9F42B2E9DEA0089B1BD /* AppleFrameworkUITests.swift */ = {isa = PBXFileReference; lastKnownFileType = sourcecode.swift; path = AppleFrameworkUITests.swift; sourceTree = "<group>"; };
		A58EA9F62B2E9DEA0089B1BD /* AppleFrameworkUITestsLaunchTests.swift */ = {isa = PBXFileReference; lastKnownFileType = sourcecode.swift; path = AppleFrameworkUITestsLaunchTests.swift; sourceTree = "<group>"; };
		A58EAA032B2E9E300089B1BD /* FrameworkData.swift */ = {isa = PBXFileReference; lastKnownFileType = sourcecode.swift; path = FrameworkData.swift; sourceTree = "<group>"; };
		A58EAA052B2E9EC10089B1BD /* FrameworkCell.swift */ = {isa = PBXFileReference; lastKnownFileType = sourcecode.swift; path = FrameworkCell.swift; sourceTree = "<group>"; };
/* End PBXFileReference section */

/* Begin PBXFrameworksBuildPhase section */
		A58EA9D32B2E9DE70089B1BD /* Frameworks */ = {
			isa = PBXFrameworksBuildPhase;
			buildActionMask = 2147483647;
			files = (
			);
			runOnlyForDeploymentPostprocessing = 0;
		};
		A58EA9E32B2E9DE90089B1BD /* Frameworks */ = {
			isa = PBXFrameworksBuildPhase;
			buildActionMask = 2147483647;
			files = (
			);
			runOnlyForDeploymentPostprocessing = 0;
		};
		A58EA9ED2B2E9DE90089B1BD /* Frameworks */ = {
			isa = PBXFrameworksBuildPhase;
			buildActionMask = 2147483647;
			files = (
			);
			runOnlyForDeploymentPostprocessing = 0;
		};
/* End PBXFrameworksBuildPhase section */

/* Begin PBXGroup section */
		A58EA9CD2B2E9DE70089B1BD = {
			isa = PBXGroup;
			children = (
				A58EA9D82B2E9DE70089B1BD /* AppleFramework */,
				A58EA9E92B2E9DE90089B1BD /* AppleFrameworkTests */,
				A58EA9F32B2E9DEA0089B1BD /* AppleFrameworkUITests */,
				A58EA9D72B2E9DE70089B1BD /* Products */,
			);
			sourceTree = "<group>";
		};
		A58EA9D72B2E9DE70089B1BD /* Products */ = {
			isa = PBXGroup;
			children = (
				A58EA9D62B2E9DE70089B1BD /* AppleFramework.app */,
				A58EA9E62B2E9DE90089B1BD /* AppleFrameworkTests.xctest */,
				A58EA9F02B2E9DE90089B1BD /* AppleFrameworkUITests.xctest */,
			);
			name = Products;
			sourceTree = "<group>";
		};
		A58EA9D82B2E9DE70089B1BD /* AppleFramework */ = {
			isa = PBXGroup;
			children = (
				A58EA9D92B2E9DE70089B1BD /* AppleFrameworkApp.swift */,
				A58EA9DB2B2E9DE70089B1BD /* FrameworkListView.swift */,
				A58EAA052B2E9EC10089B1BD /* FrameworkCell.swift */,
				A58EAA032B2E9E300089B1BD /* FrameworkData.swift */,
				A58EA9DD2B2E9DE90089B1BD /* Assets.xcassets */,
				A58EA9DF2B2E9DE90089B1BD /* Preview Content */,
			);
			path = AppleFramework;
			sourceTree = "<group>";
		};
		A58EA9DF2B2E9DE90089B1BD /* Preview Content */ = {
			isa = PBXGroup;
			children = (
				A58EA9E02B2E9DE90089B1BD /* Preview Assets.xcassets */,
			);
			path = "Preview Content";
			sourceTree = "<group>";
		};
		A58EA9E92B2E9DE90089B1BD /* AppleFrameworkTests */ = {
			isa = PBXGroup;
			children = (
				A58EA9EA2B2E9DE90089B1BD /* AppleFrameworkTests.swift */,
			);
			path = AppleFrameworkTests;
			sourceTree = "<group>";
		};
		A58EA9F32B2E9DEA0089B1BD /* AppleFrameworkUITests */ = {
			isa = PBXGroup;
			children = (
				A58EA9F42B2E9DEA0089B1BD /* AppleFrameworkUITests.swift */,
				A58EA9F62B2E9DEA0089B1BD /* AppleFrameworkUITestsLaunchTests.swift */,
			);
			path = AppleFrameworkUITests;
			sourceTree = "<group>";
		};
/* End PBXGroup section */

/* Begin PBXNativeTarget section */
		A58EA9D52B2E9DE70089B1BD /* AppleFramework */ = {
			isa = PBXNativeTarget;
			buildConfigurationList = A58EA9FA2B2E9DEA0089B1BD /* Build configuration list for PBXNativeTarget "AppleFramework" */;
			buildPhases = (
				A58EA9D22B2E9DE70089B1BD /* Sources */,
				A58EA9D32B2E9DE70089B1BD /* Frameworks */,
				A58EA9D42B2E9DE70089B1BD /* Resources */,
			);
			buildRules = (
			);
			dependencies = (
			);
			name = AppleFramework;
			productName = AppleFramework;
			productReference = A58EA9D62B2E9DE70089B1BD /* AppleFramework.app */;
			productType = "com.apple.product-type.application";
		};
		A58EA9E52B2E9DE90089B1BD /* AppleFrameworkTests */ = {
			isa = PBXNativeTarget;
			buildConfigurationList = A58EA9FD2B2E9DEA0089B1BD /* Build configuration list for PBXNativeTarget "AppleFrameworkTests" */;
			buildPhases = (
				A58EA9E22B2E9DE90089B1BD /* Sources */,
				A58EA9E32B2E9DE90089B1BD /* Frameworks */,
				A58EA9E42B2E9DE90089B1BD /* Resources */,
			);
			buildRules = (
			);
			dependencies = (
				A58EA9E82B2E9DE90089B1BD /* PBXTargetDependency */,
			);
			name = AppleFrameworkTests;
			productName = AppleFrameworkTests;
			productReference = A58EA9E62B2E9DE90089B1BD /* AppleFrameworkTests.xctest */;
			productType = "com.apple.product-type.bundle.unit-test";
		};
		A58EA9EF2B2E9DE90089B1BD /* AppleFrameworkUITests */ = {
			isa = PBXNativeTarget;
			buildConfigurationList = A58EAA002B2E9DEA0089B1BD /* Build configuration list for PBXNativeTarget "AppleFrameworkUITests" */;
			buildPhases = (
				A58EA9EC2B2E9DE90089B1BD /* Sources */,
				A58EA9ED2B2E9DE90089B1BD /* Frameworks */,
				A58EA9EE2B2E9DE90089B1BD /* Resources */,
			);
			buildRules = (
			);
			dependencies = (
				A58EA9F22B2E9DE90089B1BD /* PBXTargetDependency */,
			);
			name = AppleFrameworkUITests;
			productName = AppleFrameworkUITests;
			productReference = A58EA9F02B2E9DE90089B1BD /* AppleFrameworkUITests.xctest */;
			productType = "com.apple.product-type.bundle.ui-testing";
		};
/* End PBXNativeTarget section */

/* Begin PBXProject section */
		A58EA9CE2B2E9DE70089B1BD /* Project object */ = {
			isa = PBXProject;
			attributes = {
				BuildIndependentTargetsInParallel = 1;
				LastSwiftUpdateCheck = 1510;
				LastUpgradeCheck = 1510;
				TargetAttributes = {
					A58EA9D52B2E9DE70089B1BD = {
						CreatedOnToolsVersion = 15.1;
					};
					A58EA9E52B2E9DE90089B1BD = {
						CreatedOnToolsVersion = 15.1;
						TestTargetID = A58EA9D52B2E9DE70089B1BD;
					};
					A58EA9EF2B2E9DE90089B1BD = {
						CreatedOnToolsVersion = 15.1;
						TestTargetID = A58EA9D52B2E9DE70089B1BD;
					};
				};
			};
			buildConfigurationList = A58EA9D12B2E9DE70089B1BD /* Build configuration list for PBXProject "AppleFramework" */;
			compatibilityVersion = "Xcode 14.0";
			developmentRegion = en;
			hasScannedForEncodings = 0;
			knownRegions = (
				en,
				Base,
			);
			mainGroup = A58EA9CD2B2E9DE70089B1BD;
			productRefGroup = A58EA9D72B2E9DE70089B1BD /* Products */;
			projectDirPath = "";
			projectRoot = "";
			targets = (
				A58EA9D52B2E9DE70089B1BD /* AppleFramework */,
				A58EA9E52B2E9DE90089B1BD /* AppleFrameworkTests */,
				A58EA9EF2B2E9DE90089B1BD /* AppleFrameworkUITests */,
			);
		};
/* End PBXProject section */

/* Begin PBXResourcesBuildPhase section */
		A58EA9D42B2E9DE70089B1BD /* Resources */ = {
			isa = PBXResourcesBuildPhase;
			buildActionMask = 2147483647;
			files = (
				A58EA9E12B2E9DE90089B1BD /* Preview Assets.xcassets in Resources */,
				A58EA9DE2B2E9DE90089B1BD /* Assets.xcassets in Resources */,
			);
			runOnlyForDeploymentPostprocessing = 0;
		};
		A58EA9E42B2E9DE90089B1BD /* Resources */ = {
			isa = PBXResourcesBuildPhase;
			buildActionMask = 2147483647;
			files = (
			);
			runOnlyForDeploymentPostprocessing = 0;
		};
		A58EA9EE2B2E9DE90089B1BD /* Resources */ = {
			isa = PBXResourcesBuildPhase;
			buildActionMask = 2147483647;
			files = (
			);
			runOnlyForDeploymentPostprocessing = 0;
		};
/* End PBXResourcesBuildPhase section */

/* Begin PBXSourcesBuildPhase section */
		A58EA9D22B2E9DE70089B1BD /* Sources */ = {
			isa = PBXSourcesBuildPhase;
			buildActionMask = 2147483647;
			files = (
				A58EAA062B2E9EC10089B1BD /* FrameworkCell.swift in Sources */,
				A58EA9DC2B2E9DE70089B1BD /* FrameworkListView.swift in Sources */,
				A58EA9DA2B2E9DE70089B1BD /* AppleFrameworkApp.swift in Sources */,
				A58EAA042B2E9E300089B1BD /* FrameworkData.swift in Sources */,
			);
			runOnlyForDeploymentPostprocessing = 0;
		};
		A58EA9E22B2E9DE90089B1BD /* Sources */ = {
			isa = PBXSourcesBuildPhase;
			buildActionMask = 2147483647;
			files = (
				A58EA9EB2B2E9DE90089B1BD /* AppleFrameworkTests.swift in Sources */,
			);
			runOnlyForDeploymentPostprocessing = 0;
		};
		A58EA9EC2B2E9DE90089B1BD /* Sources */ = {
			isa = PBXSourcesBuildPhase;
			buildActionMask = 2147483647;
			files = (
				A58EA9F72B2E9DEA0089B1BD /* AppleFrameworkUITestsLaunchTests.swift in Sources */,
				A58EA9F52B2E9DEA0089B1BD /* AppleFrameworkUITests.swift in Sources */,
			);
			runOnlyForDeploymentPostprocessing = 0;
		};
/* End PBXSourcesBuildPhase section */

/* Begin PBXTargetDependency section */
		A58EA9E82B2E9DE90089B1BD /* PBXTargetDependency */ = {
			isa = PBXTargetDependency;
			target = A58EA9D52B2E9DE70089B1BD /* AppleFramework */;
			targetProxy = A58EA9E72B2E9DE90089B1BD /* PBXContainerItemProxy */;
		};
		A58EA9F22B2E9DE90089B1BD /* PBXTargetDependency */ = {
			isa = PBXTargetDependency;
			target = A58EA9D52B2E9DE70089B1BD /* AppleFramework */;
			targetProxy = A58EA9F12B2E9DE90089B1BD /* PBXContainerItemProxy */;
		};
/* End PBXTargetDependency section */

/* Begin XCBuildConfiguration section */
		A58EA9F82B2E9DEA0089B1BD /* Debug */ = {
			isa = XCBuildConfiguration;
			buildSettings = {
				ALWAYS_SEARCH_USER_PATHS = NO;
				ASSETCATALOG_COMPILER_GENERATE_SWIFT_ASSET_SYMBOL_EXTENSIONS = YES;
				CLANG_ANALYZER_NONNULL = YES;
				CLANG_ANALYZER_NUMBER_OBJECT_CONVERSION = YES_AGGRESSIVE;
				CLANG_CXX_LANGUAGE_STANDARD = "gnu++20";
				CLANG_ENABLE_MODULES = YES;
				CLANG_ENABLE_OBJC_ARC = YES;
				CLANG_ENABLE_OBJC_WEAK = YES;
				CLANG_WARN_BLOCK_CAPTURE_AUTORELEASING = YES;
				CLANG_WARN_BOOL_CONVERSION = YES;
				CLANG_WARN_COMMA = YES;
				CLANG_WARN_CONSTANT_CONVERSION = YES;
				CLANG_WARN_DEPRECATED_OBJC_IMPLEMENTATIONS = YES;
				CLANG_WARN_DIRECT_OBJC_ISA_USAGE = YES_ERROR;
				CLANG_WARN_DOCUMENTATION_COMMENTS = YES;
				CLANG_WARN_EMPTY_BODY = YES;
				CLANG_WARN_ENUM_CONVERSION = YES;
				CLANG_WARN_INFINITE_RECURSION = YES;
				CLANG_WARN_INT_CONVERSION = YES;
				CLANG_WARN_NON_LITERAL_NULL_CONVERSION = YES;
				CLANG_WARN_OBJC_IMPLICIT_RETAIN_SELF = YES;
				CLANG_WARN_OBJC_LITERAL_CONVERSION = YES;
				CLANG_WARN_OBJC_ROOT_CLASS = YES_ERROR;
				CLANG_WARN_QUOTED_INCLUDE_IN_FRAMEWORK_HEADER = YES;
				CLANG_WARN_RANGE_LOOP_ANALYSIS = YES;
				CLANG_WARN_STRICT_PROTOTYPES = YES;
				CLANG_WARN_SUSPICIOUS_MOVE = YES;
				CLANG_WARN_UNGUARDED_AVAILABILITY = YES_AGGRESSIVE;
				CLANG_WARN_UNREACHABLE_CODE = YES;
				CLANG_WARN__DUPLICATE_METHOD_MATCH = YES;
				COPY_PHASE_STRIP = NO;
				DEBUG_INFORMATION_FORMAT = dwarf;
				ENABLE_STRICT_OBJC_MSGSEND = YES;
				ENABLE_TESTABILITY = YES;
				ENABLE_USER_SCRIPT_SANDBOXING = YES;
				GCC_C_LANGUAGE_STANDARD = gnu17;
				GCC_DYNAMIC_NO_PIC = NO;
				GCC_NO_COMMON_BLOCKS = YES;
				GCC_OPTIMIZATION_LEVEL = 0;
				GCC_PREPROCESSOR_DEFINITIONS = (
					"DEBUG=1",
					"$(inherited)",
				);
				GCC_WARN_64_TO_32_BIT_CONVERSION = YES;
				GCC_WARN_ABOUT_RETURN_TYPE = YES_ERROR;
				GCC_WARN_UNDECLARED_SELECTOR = YES;
				GCC_WARN_UNINITIALIZED_AUTOS = YES_AGGRESSIVE;
				GCC_WARN_UNUSED_FUNCTION = YES;
				GCC_WARN_UNUSED_VARIABLE = YES;
				IPHONEOS_DEPLOYMENT_TARGET = 17.2;
				LOCALIZATION_PREFERS_STRING_CATALOGS = YES;
				MTL_ENABLE_DEBUG_INFO = INCLUDE_SOURCE;
				MTL_FAST_MATH = YES;
				ONLY_ACTIVE_ARCH = YES;
				SDKROOT = iphoneos;
				SWIFT_ACTIVE_COMPILATION_CONDITIONS = "DEBUG $(inherited)";
				SWIFT_OPTIMIZATION_LEVEL = "-Onone";
			};
			name = Debug;
		};
		A58EA9F92B2E9DEA0089B1BD /* Release */ = {
			isa = XCBuildConfiguration;
			buildSettings = {
				ALWAYS_SEARCH_USER_PATHS = NO;
				ASSETCATALOG_COMPILER_GENERATE_SWIFT_ASSET_SYMBOL_EXTENSIONS = YES;
				CLANG_ANALYZER_NONNULL = YES;
				CLANG_ANALYZER_NUMBER_OBJECT_CONVERSION = YES_AGGRESSIVE;
				CLANG_CXX_LANGUAGE_STANDARD = "gnu++20";
				CLANG_ENABLE_MODULES = YES;
				CLANG_ENABLE_OBJC_ARC = YES;
				CLANG_ENABLE_OBJC_WEAK = YES;
				CLANG_WARN_BLOCK_CAPTURE_AUTORELEASING = YES;
				CLANG_WARN_BOOL_CONVERSION = YES;
				CLANG_WARN_COMMA = YES;
				CLANG_WARN_CONSTANT_CONVERSION = YES;
				CLANG_WARN_DEPRECATED_OBJC_IMPLEMENTATIONS = YES;
				CLANG_WARN_DIRECT_OBJC_ISA_USAGE = YES_ERROR;
				CLANG_WARN_DOCUMENTATION_COMMENTS = YES;
				CLANG_WARN_EMPTY_BODY = YES;
				CLANG_WARN_ENUM_CONVERSION = YES;
				CLANG_WARN_INFINITE_RECURSION = YES;
				CLANG_WARN_INT_CONVERSION = YES;
				CLANG_WARN_NON_LITERAL_NULL_CONVERSION = YES;
				CLANG_WARN_OBJC_IMPLICIT_RETAIN_SELF = YES;
				CLANG_WARN_OBJC_LITERAL_CONVERSION = YES;
				CLANG_WARN_OBJC_ROOT_CLASS = YES_ERROR;
				CLANG_WARN_QUOTED_INCLUDE_IN_FRAMEWORK_HEADER = YES;
				CLANG_WARN_RANGE_LOOP_ANALYSIS = YES;
				CLANG_WARN_STRICT_PROTOTYPES = YES;
				CLANG_WARN_SUSPICIOUS_MOVE = YES;
				CLANG_WARN_UNGUARDED_AVAILABILITY = YES_AGGRESSIVE;
				CLANG_WARN_UNREACHABLE_CODE = YES;
				CLANG_WARN__DUPLICATE_METHOD_MATCH = YES;
				COPY_PHASE_STRIP = NO;
				DEBUG_INFORMATION_FORMAT = "dwarf-with-dsym";
				ENABLE_NS_ASSERTIONS = NO;
				ENABLE_STRICT_OBJC_MSGSEND = YES;
				ENABLE_USER_SCRIPT_SANDBOXING = YES;
				GCC_C_LANGUAGE_STANDARD = gnu17;
				GCC_NO_COMMON_BLOCKS = YES;
				GCC_WARN_64_TO_32_BIT_CONVERSION = YES;
				GCC_WARN_ABOUT_RETURN_TYPE = YES_ERROR;
				GCC_WARN_UNDECLARED_SELECTOR = YES;
				GCC_WARN_UNINITIALIZED_AUTOS = YES_AGGRESSIVE;
				GCC_WARN_UNUSED_FUNCTION = YES;
				GCC_WARN_UNUSED_VARIABLE = YES;
				IPHONEOS_DEPLOYMENT_TARGET = 17.2;
				LOCALIZATION_PREFERS_STRING_CATALOGS = YES;
				MTL_ENABLE_DEBUG_INFO = NO;
				MTL_FAST_MATH = YES;
				SDKROOT = iphoneos;
				SWIFT_COMPILATION_MODE = wholemodule;
				VALIDATE_PRODUCT = YES;
			};
			name = Release;
		};
		A58EA9FB2B2E9DEA0089B1BD /* Debug */ = {
			isa = XCBuildConfiguration;
			buildSettings = {
				ASSETCATALOG_COMPILER_APPICON_NAME = AppIcon;
				ASSETCATALOG_COMPILER_GLOBAL_ACCENT_COLOR_NAME = AccentColor;
				CODE_SIGN_STYLE = Automatic;
				CURRENT_PROJECT_VERSION = 1;
				DEVELOPMENT_ASSET_PATHS = "\"AppleFramework/Preview Content\"";
				DEVELOPMENT_TEAM = FQRWL84Z3B;
				ENABLE_PREVIEWS = YES;
				GENERATE_INFOPLIST_FILE = YES;
				INFOPLIST_KEY_UIApplicationSceneManifest_Generation = YES;
				INFOPLIST_KEY_UIApplicationSupportsIndirectInputEvents = YES;
				INFOPLIST_KEY_UILaunchScreen_Generation = YES;
				INFOPLIST_KEY_UISupportedInterfaceOrientations_iPad = "UIInterfaceOrientationPortrait UIInterfaceOrientationPortraitUpsideDown UIInterfaceOrientationLandscapeLeft UIInterfaceOrientationLandscapeRight";
				INFOPLIST_KEY_UISupportedInterfaceOrientations_iPhone = "UIInterfaceOrientationPortrait UIInterfaceOrientationLandscapeLeft UIInterfaceOrientationLandscapeRight";
				LD_RUNPATH_SEARCH_PATHS = (
					"$(inherited)",
					"@executable_path/Frameworks",
				);
				MARKETING_VERSION = 1.0;
				PRODUCT_BUNDLE_IDENTIFIER = com.WooBi.AppleFramework;
				PRODUCT_NAME = "$(TARGET_NAME)";
				SWIFT_EMIT_LOC_STRINGS = YES;
				SWIFT_VERSION = 5.0;
				TARGETED_DEVICE_FAMILY = "1,2";
			};
			name = Debug;
		};
		A58EA9FC2B2E9DEA0089B1BD /* Release */ = {
			isa = XCBuildConfiguration;
			buildSettings = {
				ASSETCATALOG_COMPILER_APPICON_NAME = AppIcon;
				ASSETCATALOG_COMPILER_GLOBAL_ACCENT_COLOR_NAME = AccentColor;
				CODE_SIGN_STYLE = Automatic;
				CURRENT_PROJECT_VERSION = 1;
				DEVELOPMENT_ASSET_PATHS = "\"AppleFramework/Preview Content\"";
				DEVELOPMENT_TEAM = FQRWL84Z3B;
				ENABLE_PREVIEWS = YES;
				GENERATE_INFOPLIST_FILE = YES;
				INFOPLIST_KEY_UIApplicationSceneManifest_Generation = YES;
				INFOPLIST_KEY_UIApplicationSupportsIndirectInputEvents = YES;
				INFOPLIST_KEY_UILaunchScreen_Generation = YES;
				INFOPLIST_KEY_UISupportedInterfaceOrientations_iPad = "UIInterfaceOrientationPortrait UIInterfaceOrientationPortraitUpsideDown UIInterfaceOrientationLandscapeLeft UIInterfaceOrientationLandscapeRight";
				INFOPLIST_KEY_UISupportedInterfaceOrientations_iPhone = "UIInterfaceOrientationPortrait UIInterfaceOrientationLandscapeLeft UIInterfaceOrientationLandscapeRight";
				LD_RUNPATH_SEARCH_PATHS = (
					"$(inherited)",
					"@executable_path/Frameworks",
				);
				MARKETING_VERSION = 1.0;
				PRODUCT_BUNDLE_IDENTIFIER = com.WooBi.AppleFramework;
				PRODUCT_NAME = "$(TARGET_NAME)";
				SWIFT_EMIT_LOC_STRINGS = YES;
				SWIFT_VERSION = 5.0;
				TARGETED_DEVICE_FAMILY = "1,2";
			};
			name = Release;
		};
		A58EA9FE2B2E9DEA0089B1BD /* Debug */ = {
			isa = XCBuildConfiguration;
			buildSettings = {
				ALWAYS_EMBED_SWIFT_STANDARD_LIBRARIES = YES;
				BUNDLE_LOADER = "$(TEST_HOST)";
				CODE_SIGN_STYLE = Automatic;
				CURRENT_PROJECT_VERSION = 1;
				DEVELOPMENT_TEAM = FQRWL84Z3B;
				GENERATE_INFOPLIST_FILE = YES;
				IPHONEOS_DEPLOYMENT_TARGET = 17.2;
				MARKETING_VERSION = 1.0;
				PRODUCT_BUNDLE_IDENTIFIER = com.WooBi.AppleFrameworkTests;
				PRODUCT_NAME = "$(TARGET_NAME)";
				SWIFT_EMIT_LOC_STRINGS = NO;
				SWIFT_VERSION = 5.0;
				TARGETED_DEVICE_FAMILY = "1,2";
				TEST_HOST = "$(BUILT_PRODUCTS_DIR)/AppleFramework.app/$(BUNDLE_EXECUTABLE_FOLDER_PATH)/AppleFramework";
			};
			name = Debug;
		};
		A58EA9FF2B2E9DEA0089B1BD /* Release */ = {
			isa = XCBuildConfiguration;
			buildSettings = {
				ALWAYS_EMBED_SWIFT_STANDARD_LIBRARIES = YES;
				BUNDLE_LOADER = "$(TEST_HOST)";
				CODE_SIGN_STYLE = Automatic;
				CURRENT_PROJECT_VERSION = 1;
				DEVELOPMENT_TEAM = FQRWL84Z3B;
				GENERATE_INFOPLIST_FILE = YES;
				IPHONEOS_DEPLOYMENT_TARGET = 17.2;
				MARKETING_VERSION = 1.0;
				PRODUCT_BUNDLE_IDENTIFIER = com.WooBi.AppleFrameworkTests;
				PRODUCT_NAME = "$(TARGET_NAME)";
				SWIFT_EMIT_LOC_STRINGS = NO;
				SWIFT_VERSION = 5.0;
				TARGETED_DEVICE_FAMILY = "1,2";
				TEST_HOST = "$(BUILT_PRODUCTS_DIR)/AppleFramework.app/$(BUNDLE_EXECUTABLE_FOLDER_PATH)/AppleFramework";
			};
			name = Release;
		};
		A58EAA012B2E9DEA0089B1BD /* Debug */ = {
			isa = XCBuildConfiguration;
			buildSettings = {
				ALWAYS_EMBED_SWIFT_STANDARD_LIBRARIES = YES;
				CODE_SIGN_STYLE = Automatic;
				CURRENT_PROJECT_VERSION = 1;
				DEVELOPMENT_TEAM = FQRWL84Z3B;
				GENERATE_INFOPLIST_FILE = YES;
				MARKETING_VERSION = 1.0;
				PRODUCT_BUNDLE_IDENTIFIER = com.WooBi.AppleFrameworkUITests;
				PRODUCT_NAME = "$(TARGET_NAME)";
				SWIFT_EMIT_LOC_STRINGS = NO;
				SWIFT_VERSION = 5.0;
				TARGETED_DEVICE_FAMILY = "1,2";
				TEST_TARGET_NAME = AppleFramework;
			};
			name = Debug;
		};
		A58EAA022B2E9DEA0089B1BD /* Release */ = {
			isa = XCBuildConfiguration;
			buildSettings = {
				ALWAYS_EMBED_SWIFT_STANDARD_LIBRARIES = YES;
				CODE_SIGN_STYLE = Automatic;
				CURRENT_PROJECT_VERSION = 1;
				DEVELOPMENT_TEAM = FQRWL84Z3B;
				GENERATE_INFOPLIST_FILE = YES;
				MARKETING_VERSION = 1.0;
				PRODUCT_BUNDLE_IDENTIFIER = com.WooBi.AppleFrameworkUITests;
				PRODUCT_NAME = "$(TARGET_NAME)";
				SWIFT_EMIT_LOC_STRINGS = NO;
				SWIFT_VERSION = 5.0;
				TARGETED_DEVICE_FAMILY = "1,2";
				TEST_TARGET_NAME = AppleFramework;
			};
			name = Release;
		};
/* End XCBuildConfiguration section */

/* Begin XCConfigurationList section */
		A58EA9D12B2E9DE70089B1BD /* Build configuration list for PBXProject "AppleFramework" */ = {
			isa = XCConfigurationList;
			buildConfigurations = (
				A58EA9F82B2E9DEA0089B1BD /* Debug */,
				A58EA9F92B2E9DEA0089B1BD /* Release */,
			);
			defaultConfigurationIsVisible = 0;
			defaultConfigurationName = Release;
		};
		A58EA9FA2B2E9DEA0089B1BD /* Build configuration list for PBXNativeTarget "AppleFramework" */ = {
			isa = XCConfigurationList;
			buildConfigurations = (
				A58EA9FB2B2E9DEA0089B1BD /* Debug */,
				A58EA9FC2B2E9DEA0089B1BD /* Release */,
			);
			defaultConfigurationIsVisible = 0;
			defaultConfigurationName = Release;
		};
		A58EA9FD2B2E9DEA0089B1BD /* Build configuration list for PBXNativeTarget "AppleFrameworkTests" */ = {
			isa = XCConfigurationList;
			buildConfigurations = (
				A58EA9FE2B2E9DEA0089B1BD /* Debug */,
				A58EA9FF2B2E9DEA0089B1BD /* Release */,
			);
			defaultConfigurationIsVisible = 0;
			defaultConfigurationName = Release;
		};
		A58EAA002B2E9DEA0089B1BD /* Build configuration list for PBXNativeTarget "AppleFrameworkUITests" */ = {
			isa = XCConfigurationList;
			buildConfigurations = (
				A58EAA012B2E9DEA0089B1BD /* Debug */,
				A58EAA022B2E9DEA0089B1BD /* Release */,
			);
			defaultConfigurationIsVisible = 0;
			defaultConfigurationName = Release;
		};
/* End XCConfigurationList section */
	};
	rootObject = A58EA9CE2B2E9DE70089B1BD /* Project object */;
}
