// !$*UTF8*$!
{
	archiveVersion = 1;
	classes = {
	};
	objectVersion = 56;
	objects = {

/* Begin PBXBuildFile section */
		A5EE77342B4AB1AA007067AA /* AirbnbApp.swift in Sources */ = {isa = PBXBuildFile; fileRef = A5EE77332B4AB1AA007067AA /* AirbnbApp.swift */; };
		A5EE77362B4AB1AA007067AA /* ContentView.swift in Sources */ = {isa = PBXBuildFile; fileRef = A5EE77352B4AB1AA007067AA /* ContentView.swift */; };
		A5EE77382B4AB1AC007067AA /* Assets.xcassets in Resources */ = {isa = PBXBuildFile; fileRef = A5EE77372B4AB1AC007067AA /* Assets.xcassets */; };
		A5EE773B2B4AB1AC007067AA /* Preview Assets.xcassets in Resources */ = {isa = PBXBuildFile; fileRef = A5EE773A2B4AB1AC007067AA /* Preview Assets.xcassets */; };
		A5EE77452B4AB1AC007067AA /* AirbnbTests.swift in Sources */ = {isa = PBXBuildFile; fileRef = A5EE77442B4AB1AC007067AA /* AirbnbTests.swift */; };
		A5EE774F2B4AB1AC007067AA /* AirbnbUITests.swift in Sources */ = {isa = PBXBuildFile; fileRef = A5EE774E2B4AB1AC007067AA /* AirbnbUITests.swift */; };
		A5EE77512B4AB1AC007067AA /* AirbnbUITestsLaunchTests.swift in Sources */ = {isa = PBXBuildFile; fileRef = A5EE77502B4AB1AC007067AA /* AirbnbUITestsLaunchTests.swift */; };
		A5EE77622B4AB1F0007067AA /* APIService.swift in Sources */ = {isa = PBXBuildFile; fileRef = A5EE77612B4AB1F0007067AA /* APIService.swift */; };
		A5EE77642B4AB3D9007067AA /* AirbnbListingsView.swift in Sources */ = {isa = PBXBuildFile; fileRef = A5EE77632B4AB3D9007067AA /* AirbnbListingsView.swift */; };
		A5EE77662B4AB412007067AA /* AirbnbListingCardView.swift in Sources */ = {isa = PBXBuildFile; fileRef = A5EE77652B4AB412007067AA /* AirbnbListingCardView.swift */; };
		A5EE77682B4AB44E007067AA /* AirbnbDetailView.swift in Sources */ = {isa = PBXBuildFile; fileRef = A5EE77672B4AB44E007067AA /* AirbnbDetailView.swift */; };
		A5EE776A2B4AB479007067AA /* AirbnbListingsResponse.swift in Sources */ = {isa = PBXBuildFile; fileRef = A5EE77692B4AB479007067AA /* AirbnbListingsResponse.swift */; };
		A5EE776C2B4AB486007067AA /* AirbnbListing.swift in Sources */ = {isa = PBXBuildFile; fileRef = A5EE776B2B4AB486007067AA /* AirbnbListing.swift */; };
		A5EE776E2B4AB820007067AA /* AirbnbListingsViewViewModel.swift in Sources */ = {isa = PBXBuildFile; fileRef = A5EE776D2B4AB820007067AA /* AirbnbListingsViewViewModel.swift */; };
/* End PBXBuildFile section */

/* Begin PBXContainerItemProxy section */
		A5EE77412B4AB1AC007067AA /* PBXContainerItemProxy */ = {
			isa = PBXContainerItemProxy;
			containerPortal = A5EE77282B4AB1AA007067AA /* Project object */;
			proxyType = 1;
			remoteGlobalIDString = A5EE772F2B4AB1AA007067AA;
			remoteInfo = Airbnb;
		};
		A5EE774B2B4AB1AC007067AA /* PBXContainerItemProxy */ = {
			isa = PBXContainerItemProxy;
			containerPortal = A5EE77282B4AB1AA007067AA /* Project object */;
			proxyType = 1;
			remoteGlobalIDString = A5EE772F2B4AB1AA007067AA;
			remoteInfo = Airbnb;
		};
/* End PBXContainerItemProxy section */

/* Begin PBXFileReference section */
		A5EE77302B4AB1AA007067AA /* Airbnb.app */ = {isa = PBXFileReference; explicitFileType = wrapper.application; includeInIndex = 0; path = Airbnb.app; sourceTree = BUILT_PRODUCTS_DIR; };
		A5EE77332B4AB1AA007067AA /* AirbnbApp.swift */ = {isa = PBXFileReference; lastKnownFileType = sourcecode.swift; path = AirbnbApp.swift; sourceTree = "<group>"; };
		A5EE77352B4AB1AA007067AA /* ContentView.swift */ = {isa = PBXFileReference; lastKnownFileType = sourcecode.swift; path = ContentView.swift; sourceTree = "<group>"; };
		A5EE77372B4AB1AC007067AA /* Assets.xcassets */ = {isa = PBXFileReference; lastKnownFileType = folder.assetcatalog; path = Assets.xcassets; sourceTree = "<group>"; };
		A5EE773A2B4AB1AC007067AA /* Preview Assets.xcassets */ = {isa = PBXFileReference; lastKnownFileType = folder.assetcatalog; path = "Preview Assets.xcassets"; sourceTree = "<group>"; };
		A5EE77402B4AB1AC007067AA /* AirbnbTests.xctest */ = {isa = PBXFileReference; explicitFileType = wrapper.cfbundle; includeInIndex = 0; path = AirbnbTests.xctest; sourceTree = BUILT_PRODUCTS_DIR; };
		A5EE77442B4AB1AC007067AA /* AirbnbTests.swift */ = {isa = PBXFileReference; lastKnownFileType = sourcecode.swift; path = AirbnbTests.swift; sourceTree = "<group>"; };
		A5EE774A2B4AB1AC007067AA /* AirbnbUITests.xctest */ = {isa = PBXFileReference; explicitFileType = wrapper.cfbundle; includeInIndex = 0; path = AirbnbUITests.xctest; sourceTree = BUILT_PRODUCTS_DIR; };
		A5EE774E2B4AB1AC007067AA /* AirbnbUITests.swift */ = {isa = PBXFileReference; lastKnownFileType = sourcecode.swift; path = AirbnbUITests.swift; sourceTree = "<group>"; };
		A5EE77502B4AB1AC007067AA /* AirbnbUITestsLaunchTests.swift */ = {isa = PBXFileReference; lastKnownFileType = sourcecode.swift; path = AirbnbUITestsLaunchTests.swift; sourceTree = "<group>"; };
		A5EE77612B4AB1F0007067AA /* APIService.swift */ = {isa = PBXFileReference; lastKnownFileType = sourcecode.swift; path = APIService.swift; sourceTree = "<group>"; };
		A5EE77632B4AB3D9007067AA /* AirbnbListingsView.swift */ = {isa = PBXFileReference; lastKnownFileType = sourcecode.swift; path = AirbnbListingsView.swift; sourceTree = "<group>"; };
		A5EE77652B4AB412007067AA /* AirbnbListingCardView.swift */ = {isa = PBXFileReference; lastKnownFileType = sourcecode.swift; path = AirbnbListingCardView.swift; sourceTree = "<group>"; };
		A5EE77672B4AB44E007067AA /* AirbnbDetailView.swift */ = {isa = PBXFileReference; lastKnownFileType = sourcecode.swift; path = AirbnbDetailView.swift; sourceTree = "<group>"; };
		A5EE77692B4AB479007067AA /* AirbnbListingsResponse.swift */ = {isa = PBXFileReference; lastKnownFileType = sourcecode.swift; path = AirbnbListingsResponse.swift; sourceTree = "<group>"; };
		A5EE776B2B4AB486007067AA /* AirbnbListing.swift */ = {isa = PBXFileReference; lastKnownFileType = sourcecode.swift; path = AirbnbListing.swift; sourceTree = "<group>"; };
		A5EE776D2B4AB820007067AA /* AirbnbListingsViewViewModel.swift */ = {isa = PBXFileReference; lastKnownFileType = sourcecode.swift; path = AirbnbListingsViewViewModel.swift; sourceTree = "<group>"; };
/* End PBXFileReference section */

/* Begin PBXFrameworksBuildPhase section */
		A5EE772D2B4AB1AA007067AA /* Frameworks */ = {
			isa = PBXFrameworksBuildPhase;
			buildActionMask = 2147483647;
			files = (
			);
			runOnlyForDeploymentPostprocessing = 0;
		};
		A5EE773D2B4AB1AC007067AA /* Frameworks */ = {
			isa = PBXFrameworksBuildPhase;
			buildActionMask = 2147483647;
			files = (
			);
			runOnlyForDeploymentPostprocessing = 0;
		};
		A5EE77472B4AB1AC007067AA /* Frameworks */ = {
			isa = PBXFrameworksBuildPhase;
			buildActionMask = 2147483647;
			files = (
			);
			runOnlyForDeploymentPostprocessing = 0;
		};
/* End PBXFrameworksBuildPhase section */

/* Begin PBXGroup section */
		A5EE77272B4AB1AA007067AA = {
			isa = PBXGroup;
			children = (
				A5EE77322B4AB1AA007067AA /* Airbnb */,
				A5EE77432B4AB1AC007067AA /* AirbnbTests */,
				A5EE774D2B4AB1AC007067AA /* AirbnbUITests */,
				A5EE77312B4AB1AA007067AA /* Products */,
			);
			sourceTree = "<group>";
		};
		A5EE77312B4AB1AA007067AA /* Products */ = {
			isa = PBXGroup;
			children = (
				A5EE77302B4AB1AA007067AA /* Airbnb.app */,
				A5EE77402B4AB1AC007067AA /* AirbnbTests.xctest */,
				A5EE774A2B4AB1AC007067AA /* AirbnbUITests.xctest */,
			);
			name = Products;
			sourceTree = "<group>";
		};
		A5EE77322B4AB1AA007067AA /* Airbnb */ = {
			isa = PBXGroup;
			children = (
				A5EE77602B4AB1E2007067AA /* Services */,
				A5EE775F2B4AB1DF007067AA /* ViewModels */,
				A5EE775E2B4AB1DC007067AA /* Models */,
				A5EE775D2B4AB1D8007067AA /* Views */,
				A5EE77332B4AB1AA007067AA /* AirbnbApp.swift */,
				A5EE77372B4AB1AC007067AA /* Assets.xcassets */,
				A5EE77392B4AB1AC007067AA /* Preview Content */,
			);
			path = Airbnb;
			sourceTree = "<group>";
		};
		A5EE77392B4AB1AC007067AA /* Preview Content */ = {
			isa = PBXGroup;
			children = (
				A5EE773A2B4AB1AC007067AA /* Preview Assets.xcassets */,
			);
			path = "Preview Content";
			sourceTree = "<group>";
		};
		A5EE77432B4AB1AC007067AA /* AirbnbTests */ = {
			isa = PBXGroup;
			children = (
				A5EE77442B4AB1AC007067AA /* AirbnbTests.swift */,
			);
			path = AirbnbTests;
			sourceTree = "<group>";
		};
		A5EE774D2B4AB1AC007067AA /* AirbnbUITests */ = {
			isa = PBXGroup;
			children = (
				A5EE774E2B4AB1AC007067AA /* AirbnbUITests.swift */,
				A5EE77502B4AB1AC007067AA /* AirbnbUITestsLaunchTests.swift */,
			);
			path = AirbnbUITests;
			sourceTree = "<group>";
		};
		A5EE775D2B4AB1D8007067AA /* Views */ = {
			isa = PBXGroup;
			children = (
				A5EE77352B4AB1AA007067AA /* ContentView.swift */,
				A5EE77632B4AB3D9007067AA /* AirbnbListingsView.swift */,
				A5EE77652B4AB412007067AA /* AirbnbListingCardView.swift */,
				A5EE77672B4AB44E007067AA /* AirbnbDetailView.swift */,
			);
			path = Views;
			sourceTree = "<group>";
		};
		A5EE775E2B4AB1DC007067AA /* Models */ = {
			isa = PBXGroup;
			children = (
				A5EE77692B4AB479007067AA /* AirbnbListingsResponse.swift */,
				A5EE776B2B4AB486007067AA /* AirbnbListing.swift */,
			);
			path = Models;
			sourceTree = "<group>";
		};
		A5EE775F2B4AB1DF007067AA /* ViewModels */ = {
			isa = PBXGroup;
			children = (
				A5EE776D2B4AB820007067AA /* AirbnbListingsViewViewModel.swift */,
			);
			path = ViewModels;
			sourceTree = "<group>";
		};
		A5EE77602B4AB1E2007067AA /* Services */ = {
			isa = PBXGroup;
			children = (
				A5EE77612B4AB1F0007067AA /* APIService.swift */,
			);
			path = Services;
			sourceTree = "<group>";
		};
/* End PBXGroup section */

/* Begin PBXNativeTarget section */
		A5EE772F2B4AB1AA007067AA /* Airbnb */ = {
			isa = PBXNativeTarget;
			buildConfigurationList = A5EE77542B4AB1AC007067AA /* Build configuration list for PBXNativeTarget "Airbnb" */;
			buildPhases = (
				A5EE772C2B4AB1AA007067AA /* Sources */,
				A5EE772D2B4AB1AA007067AA /* Frameworks */,
				A5EE772E2B4AB1AA007067AA /* Resources */,
			);
			buildRules = (
			);
			dependencies = (
			);
			name = Airbnb;
			productName = Airbnb;
			productReference = A5EE77302B4AB1AA007067AA /* Airbnb.app */;
			productType = "com.apple.product-type.application";
		};
		A5EE773F2B4AB1AC007067AA /* AirbnbTests */ = {
			isa = PBXNativeTarget;
			buildConfigurationList = A5EE77572B4AB1AC007067AA /* Build configuration list for PBXNativeTarget "AirbnbTests" */;
			buildPhases = (
				A5EE773C2B4AB1AC007067AA /* Sources */,
				A5EE773D2B4AB1AC007067AA /* Frameworks */,
				A5EE773E2B4AB1AC007067AA /* Resources */,
			);
			buildRules = (
			);
			dependencies = (
				A5EE77422B4AB1AC007067AA /* PBXTargetDependency */,
			);
			name = AirbnbTests;
			productName = AirbnbTests;
			productReference = A5EE77402B4AB1AC007067AA /* AirbnbTests.xctest */;
			productType = "com.apple.product-type.bundle.unit-test";
		};
		A5EE77492B4AB1AC007067AA /* AirbnbUITests */ = {
			isa = PBXNativeTarget;
			buildConfigurationList = A5EE775A2B4AB1AC007067AA /* Build configuration list for PBXNativeTarget "AirbnbUITests" */;
			buildPhases = (
				A5EE77462B4AB1AC007067AA /* Sources */,
				A5EE77472B4AB1AC007067AA /* Frameworks */,
				A5EE77482B4AB1AC007067AA /* Resources */,
			);
			buildRules = (
			);
			dependencies = (
				A5EE774C2B4AB1AC007067AA /* PBXTargetDependency */,
			);
			name = AirbnbUITests;
			productName = AirbnbUITests;
			productReference = A5EE774A2B4AB1AC007067AA /* AirbnbUITests.xctest */;
			productType = "com.apple.product-type.bundle.ui-testing";
		};
/* End PBXNativeTarget section */

/* Begin PBXProject section */
		A5EE77282B4AB1AA007067AA /* Project object */ = {
			isa = PBXProject;
			attributes = {
				BuildIndependentTargetsInParallel = 1;
				LastSwiftUpdateCheck = 1510;
				LastUpgradeCheck = 1510;
				TargetAttributes = {
					A5EE772F2B4AB1AA007067AA = {
						CreatedOnToolsVersion = 15.1;
					};
					A5EE773F2B4AB1AC007067AA = {
						CreatedOnToolsVersion = 15.1;
						TestTargetID = A5EE772F2B4AB1AA007067AA;
					};
					A5EE77492B4AB1AC007067AA = {
						CreatedOnToolsVersion = 15.1;
						TestTargetID = A5EE772F2B4AB1AA007067AA;
					};
				};
			};
			buildConfigurationList = A5EE772B2B4AB1AA007067AA /* Build configuration list for PBXProject "Airbnb" */;
			compatibilityVersion = "Xcode 14.0";
			developmentRegion = en;
			hasScannedForEncodings = 0;
			knownRegions = (
				en,
				Base,
			);
			mainGroup = A5EE77272B4AB1AA007067AA;
			productRefGroup = A5EE77312B4AB1AA007067AA /* Products */;
			projectDirPath = "";
			projectRoot = "";
			targets = (
				A5EE772F2B4AB1AA007067AA /* Airbnb */,
				A5EE773F2B4AB1AC007067AA /* AirbnbTests */,
				A5EE77492B4AB1AC007067AA /* AirbnbUITests */,
			);
		};
/* End PBXProject section */

/* Begin PBXResourcesBuildPhase section */
		A5EE772E2B4AB1AA007067AA /* Resources */ = {
			isa = PBXResourcesBuildPhase;
			buildActionMask = 2147483647;
			files = (
				A5EE773B2B4AB1AC007067AA /* Preview Assets.xcassets in Resources */,
				A5EE77382B4AB1AC007067AA /* Assets.xcassets in Resources */,
			);
			runOnlyForDeploymentPostprocessing = 0;
		};
		A5EE773E2B4AB1AC007067AA /* Resources */ = {
			isa = PBXResourcesBuildPhase;
			buildActionMask = 2147483647;
			files = (
			);
			runOnlyForDeploymentPostprocessing = 0;
		};
		A5EE77482B4AB1AC007067AA /* Resources */ = {
			isa = PBXResourcesBuildPhase;
			buildActionMask = 2147483647;
			files = (
			);
			runOnlyForDeploymentPostprocessing = 0;
		};
/* End PBXResourcesBuildPhase section */

/* Begin PBXSourcesBuildPhase section */
		A5EE772C2B4AB1AA007067AA /* Sources */ = {
			isa = PBXSourcesBuildPhase;
			buildActionMask = 2147483647;
			files = (
				A5EE776A2B4AB479007067AA /* AirbnbListingsResponse.swift in Sources */,
				A5EE77362B4AB1AA007067AA /* ContentView.swift in Sources */,
				A5EE77682B4AB44E007067AA /* AirbnbDetailView.swift in Sources */,
				A5EE77642B4AB3D9007067AA /* AirbnbListingsView.swift in Sources */,
				A5EE77662B4AB412007067AA /* AirbnbListingCardView.swift in Sources */,
				A5EE776E2B4AB820007067AA /* AirbnbListingsViewViewModel.swift in Sources */,
				A5EE77622B4AB1F0007067AA /* APIService.swift in Sources */,
				A5EE776C2B4AB486007067AA /* AirbnbListing.swift in Sources */,
				A5EE77342B4AB1AA007067AA /* AirbnbApp.swift in Sources */,
			);
			runOnlyForDeploymentPostprocessing = 0;
		};
		A5EE773C2B4AB1AC007067AA /* Sources */ = {
			isa = PBXSourcesBuildPhase;
			buildActionMask = 2147483647;
			files = (
				A5EE77452B4AB1AC007067AA /* AirbnbTests.swift in Sources */,
			);
			runOnlyForDeploymentPostprocessing = 0;
		};
		A5EE77462B4AB1AC007067AA /* Sources */ = {
			isa = PBXSourcesBuildPhase;
			buildActionMask = 2147483647;
			files = (
				A5EE77512B4AB1AC007067AA /* AirbnbUITestsLaunchTests.swift in Sources */,
				A5EE774F2B4AB1AC007067AA /* AirbnbUITests.swift in Sources */,
			);
			runOnlyForDeploymentPostprocessing = 0;
		};
/* End PBXSourcesBuildPhase section */

/* Begin PBXTargetDependency section */
		A5EE77422B4AB1AC007067AA /* PBXTargetDependency */ = {
			isa = PBXTargetDependency;
			target = A5EE772F2B4AB1AA007067AA /* Airbnb */;
			targetProxy = A5EE77412B4AB1AC007067AA /* PBXContainerItemProxy */;
		};
		A5EE774C2B4AB1AC007067AA /* PBXTargetDependency */ = {
			isa = PBXTargetDependency;
			target = A5EE772F2B4AB1AA007067AA /* Airbnb */;
			targetProxy = A5EE774B2B4AB1AC007067AA /* PBXContainerItemProxy */;
		};
/* End PBXTargetDependency section */

/* Begin XCBuildConfiguration section */
		A5EE77522B4AB1AC007067AA /* Debug */ = {
			isa = XCBuildConfiguration;
			buildSettings = {
				ALWAYS_SEARCH_USER_PATHS = NO;
				ASSETCATALOG_COMPILER_GENERATE_SWIFT_ASSET_SYMBOL_EXTENSIONS = YES;
				CLANG_ANALYZER_NONNULL = YES;
				CLANG_ANALYZER_NUMBER_OBJECT_CONVERSION = YES_AGGRESSIVE;
				CLANG_CXX_LANGUAGE_STANDARD = "gnu++20";
				CLANG_ENABLE_MODULES = YES;
				CLANG_ENABLE_OBJC_ARC = YES;
				CLANG_ENABLE_OBJC_WEAK = YES;
				CLANG_WARN_BLOCK_CAPTURE_AUTORELEASING = YES;
				CLANG_WARN_BOOL_CONVERSION = YES;
				CLANG_WARN_COMMA = YES;
				CLANG_WARN_CONSTANT_CONVERSION = YES;
				CLANG_WARN_DEPRECATED_OBJC_IMPLEMENTATIONS = YES;
				CLANG_WARN_DIRECT_OBJC_ISA_USAGE = YES_ERROR;
				CLANG_WARN_DOCUMENTATION_COMMENTS = YES;
				CLANG_WARN_EMPTY_BODY = YES;
				CLANG_WARN_ENUM_CONVERSION = YES;
				CLANG_WARN_INFINITE_RECURSION = YES;
				CLANG_WARN_INT_CONVERSION = YES;
				CLANG_WARN_NON_LITERAL_NULL_CONVERSION = YES;
				CLANG_WARN_OBJC_IMPLICIT_RETAIN_SELF = YES;
				CLANG_WARN_OBJC_LITERAL_CONVERSION = YES;
				CLANG_WARN_OBJC_ROOT_CLASS = YES_ERROR;
				CLANG_WARN_QUOTED_INCLUDE_IN_FRAMEWORK_HEADER = YES;
				CLANG_WARN_RANGE_LOOP_ANALYSIS = YES;
				CLANG_WARN_STRICT_PROTOTYPES = YES;
				CLANG_WARN_SUSPICIOUS_MOVE = YES;
				CLANG_WARN_UNGUARDED_AVAILABILITY = YES_AGGRESSIVE;
				CLANG_WARN_UNREACHABLE_CODE = YES;
				CLANG_WARN__DUPLICATE_METHOD_MATCH = YES;
				COPY_PHASE_STRIP = NO;
				DEBUG_INFORMATION_FORMAT = dwarf;
				ENABLE_STRICT_OBJC_MSGSEND = YES;
				ENABLE_TESTABILITY = YES;
				ENABLE_USER_SCRIPT_SANDBOXING = YES;
				GCC_C_LANGUAGE_STANDARD = gnu17;
				GCC_DYNAMIC_NO_PIC = NO;
				GCC_NO_COMMON_BLOCKS = YES;
				GCC_OPTIMIZATION_LEVEL = 0;
				GCC_PREPROCESSOR_DEFINITIONS = (
					"DEBUG=1",
					"$(inherited)",
				);
				GCC_WARN_64_TO_32_BIT_CONVERSION = YES;
				GCC_WARN_ABOUT_RETURN_TYPE = YES_ERROR;
				GCC_WARN_UNDECLARED_SELECTOR = YES;
				GCC_WARN_UNINITIALIZED_AUTOS = YES_AGGRESSIVE;
				GCC_WARN_UNUSED_FUNCTION = YES;
				GCC_WARN_UNUSED_VARIABLE = YES;
				IPHONEOS_DEPLOYMENT_TARGET = 17.2;
				LOCALIZATION_PREFERS_STRING_CATALOGS = YES;
				MTL_ENABLE_DEBUG_INFO = INCLUDE_SOURCE;
				MTL_FAST_MATH = YES;
				ONLY_ACTIVE_ARCH = YES;
				SDKROOT = iphoneos;
				SWIFT_ACTIVE_COMPILATION_CONDITIONS = "DEBUG $(inherited)";
				SWIFT_OPTIMIZATION_LEVEL = "-Onone";
			};
			name = Debug;
		};
		A5EE77532B4AB1AC007067AA /* Release */ = {
			isa = XCBuildConfiguration;
			buildSettings = {
				ALWAYS_SEARCH_USER_PATHS = NO;
				ASSETCATALOG_COMPILER_GENERATE_SWIFT_ASSET_SYMBOL_EXTENSIONS = YES;
				CLANG_ANALYZER_NONNULL = YES;
				CLANG_ANALYZER_NUMBER_OBJECT_CONVERSION = YES_AGGRESSIVE;
				CLANG_CXX_LANGUAGE_STANDARD = "gnu++20";
				CLANG_ENABLE_MODULES = YES;
				CLANG_ENABLE_OBJC_ARC = YES;
				CLANG_ENABLE_OBJC_WEAK = YES;
				CLANG_WARN_BLOCK_CAPTURE_AUTORELEASING = YES;
				CLANG_WARN_BOOL_CONVERSION = YES;
				CLANG_WARN_COMMA = YES;
				CLANG_WARN_CONSTANT_CONVERSION = YES;
				CLANG_WARN_DEPRECATED_OBJC_IMPLEMENTATIONS = YES;
				CLANG_WARN_DIRECT_OBJC_ISA_USAGE = YES_ERROR;
				CLANG_WARN_DOCUMENTATION_COMMENTS = YES;
				CLANG_WARN_EMPTY_BODY = YES;
				CLANG_WARN_ENUM_CONVERSION = YES;
				CLANG_WARN_INFINITE_RECURSION = YES;
				CLANG_WARN_INT_CONVERSION = YES;
				CLANG_WARN_NON_LITERAL_NULL_CONVERSION = YES;
				CLANG_WARN_OBJC_IMPLICIT_RETAIN_SELF = YES;
				CLANG_WARN_OBJC_LITERAL_CONVERSION = YES;
				CLANG_WARN_OBJC_ROOT_CLASS = YES_ERROR;
				CLANG_WARN_QUOTED_INCLUDE_IN_FRAMEWORK_HEADER = YES;
				CLANG_WARN_RANGE_LOOP_ANALYSIS = YES;
				CLANG_WARN_STRICT_PROTOTYPES = YES;
				CLANG_WARN_SUSPICIOUS_MOVE = YES;
				CLANG_WARN_UNGUARDED_AVAILABILITY = YES_AGGRESSIVE;
				CLANG_WARN_UNREACHABLE_CODE = YES;
				CLANG_WARN__DUPLICATE_METHOD_MATCH = YES;
				COPY_PHASE_STRIP = NO;
				DEBUG_INFORMATION_FORMAT = "dwarf-with-dsym";
				ENABLE_NS_ASSERTIONS = NO;
				ENABLE_STRICT_OBJC_MSGSEND = YES;
				ENABLE_USER_SCRIPT_SANDBOXING = YES;
				GCC_C_LANGUAGE_STANDARD = gnu17;
				GCC_NO_COMMON_BLOCKS = YES;
				GCC_WARN_64_TO_32_BIT_CONVERSION = YES;
				GCC_WARN_ABOUT_RETURN_TYPE = YES_ERROR;
				GCC_WARN_UNDECLARED_SELECTOR = YES;
				GCC_WARN_UNINITIALIZED_AUTOS = YES_AGGRESSIVE;
				GCC_WARN_UNUSED_FUNCTION = YES;
				GCC_WARN_UNUSED_VARIABLE = YES;
				IPHONEOS_DEPLOYMENT_TARGET = 17.2;
				LOCALIZATION_PREFERS_STRING_CATALOGS = YES;
				MTL_ENABLE_DEBUG_INFO = NO;
				MTL_FAST_MATH = YES;
				SDKROOT = iphoneos;
				SWIFT_COMPILATION_MODE = wholemodule;
				VALIDATE_PRODUCT = YES;
			};
			name = Release;
		};
		A5EE77552B4AB1AC007067AA /* Debug */ = {
			isa = XCBuildConfiguration;
			buildSettings = {
				ASSETCATALOG_COMPILER_APPICON_NAME = AppIcon;
				ASSETCATALOG_COMPILER_GLOBAL_ACCENT_COLOR_NAME = AccentColor;
				CODE_SIGN_STYLE = Automatic;
				CURRENT_PROJECT_VERSION = 1;
				DEVELOPMENT_ASSET_PATHS = "\"Airbnb/Preview Content\"";
				DEVELOPMENT_TEAM = FQRWL84Z3B;
				ENABLE_PREVIEWS = YES;
				GENERATE_INFOPLIST_FILE = YES;
				INFOPLIST_KEY_UIApplicationSceneManifest_Generation = YES;
				INFOPLIST_KEY_UIApplicationSupportsIndirectInputEvents = YES;
				INFOPLIST_KEY_UILaunchScreen_Generation = YES;
				INFOPLIST_KEY_UISupportedInterfaceOrientations_iPad = "UIInterfaceOrientationPortrait UIInterfaceOrientationPortraitUpsideDown UIInterfaceOrientationLandscapeLeft UIInterfaceOrientationLandscapeRight";
				INFOPLIST_KEY_UISupportedInterfaceOrientations_iPhone = "UIInterfaceOrientationPortrait UIInterfaceOrientationLandscapeLeft UIInterfaceOrientationLandscapeRight";
				LD_RUNPATH_SEARCH_PATHS = (
					"$(inherited)",
					"@executable_path/Frameworks",
				);
				MARKETING_VERSION = 1.0;
				PRODUCT_BUNDLE_IDENTIFIER = com.WooBi.Airbnb;
				PRODUCT_NAME = "$(TARGET_NAME)";
				SWIFT_EMIT_LOC_STRINGS = YES;
				SWIFT_VERSION = 5.0;
				TARGETED_DEVICE_FAMILY = "1,2";
			};
			name = Debug;
		};
		A5EE77562B4AB1AC007067AA /* Release */ = {
			isa = XCBuildConfiguration;
			buildSettings = {
				ASSETCATALOG_COMPILER_APPICON_NAME = AppIcon;
				ASSETCATALOG_COMPILER_GLOBAL_ACCENT_COLOR_NAME = AccentColor;
				CODE_SIGN_STYLE = Automatic;
				CURRENT_PROJECT_VERSION = 1;
				DEVELOPMENT_ASSET_PATHS = "\"Airbnb/Preview Content\"";
				DEVELOPMENT_TEAM = FQRWL84Z3B;
				ENABLE_PREVIEWS = YES;
				GENERATE_INFOPLIST_FILE = YES;
				INFOPLIST_KEY_UIApplicationSceneManifest_Generation = YES;
				INFOPLIST_KEY_UIApplicationSupportsIndirectInputEvents = YES;
				INFOPLIST_KEY_UILaunchScreen_Generation = YES;
				INFOPLIST_KEY_UISupportedInterfaceOrientations_iPad = "UIInterfaceOrientationPortrait UIInterfaceOrientationPortraitUpsideDown UIInterfaceOrientationLandscapeLeft UIInterfaceOrientationLandscapeRight";
				INFOPLIST_KEY_UISupportedInterfaceOrientations_iPhone = "UIInterfaceOrientationPortrait UIInterfaceOrientationLandscapeLeft UIInterfaceOrientationLandscapeRight";
				LD_RUNPATH_SEARCH_PATHS = (
					"$(inherited)",
					"@executable_path/Frameworks",
				);
				MARKETING_VERSION = 1.0;
				PRODUCT_BUNDLE_IDENTIFIER = com.WooBi.Airbnb;
				PRODUCT_NAME = "$(TARGET_NAME)";
				SWIFT_EMIT_LOC_STRINGS = YES;
				SWIFT_VERSION = 5.0;
				TARGETED_DEVICE_FAMILY = "1,2";
			};
			name = Release;
		};
		A5EE77582B4AB1AC007067AA /* Debug */ = {
			isa = XCBuildConfiguration;
			buildSettings = {
				ALWAYS_EMBED_SWIFT_STANDARD_LIBRARIES = YES;
				BUNDLE_LOADER = "$(TEST_HOST)";
				CODE_SIGN_STYLE = Automatic;
				CURRENT_PROJECT_VERSION = 1;
				DEVELOPMENT_TEAM = FQRWL84Z3B;
				GENERATE_INFOPLIST_FILE = YES;
				IPHONEOS_DEPLOYMENT_TARGET = 17.2;
				MARKETING_VERSION = 1.0;
				PRODUCT_BUNDLE_IDENTIFIER = com.WooBi.AirbnbTests;
				PRODUCT_NAME = "$(TARGET_NAME)";
				SWIFT_EMIT_LOC_STRINGS = NO;
				SWIFT_VERSION = 5.0;
				TARGETED_DEVICE_FAMILY = "1,2";
				TEST_HOST = "$(BUILT_PRODUCTS_DIR)/Airbnb.app/$(BUNDLE_EXECUTABLE_FOLDER_PATH)/Airbnb";
			};
			name = Debug;
		};
		A5EE77592B4AB1AC007067AA /* Release */ = {
			isa = XCBuildConfiguration;
			buildSettings = {
				ALWAYS_EMBED_SWIFT_STANDARD_LIBRARIES = YES;
				BUNDLE_LOADER = "$(TEST_HOST)";
				CODE_SIGN_STYLE = Automatic;
				CURRENT_PROJECT_VERSION = 1;
				DEVELOPMENT_TEAM = FQRWL84Z3B;
				GENERATE_INFOPLIST_FILE = YES;
				IPHONEOS_DEPLOYMENT_TARGET = 17.2;
				MARKETING_VERSION = 1.0;
				PRODUCT_BUNDLE_IDENTIFIER = com.WooBi.AirbnbTests;
				PRODUCT_NAME = "$(TARGET_NAME)";
				SWIFT_EMIT_LOC_STRINGS = NO;
				SWIFT_VERSION = 5.0;
				TARGETED_DEVICE_FAMILY = "1,2";
				TEST_HOST = "$(BUILT_PRODUCTS_DIR)/Airbnb.app/$(BUNDLE_EXECUTABLE_FOLDER_PATH)/Airbnb";
			};
			name = Release;
		};
		A5EE775B2B4AB1AC007067AA /* Debug */ = {
			isa = XCBuildConfiguration;
			buildSettings = {
				ALWAYS_EMBED_SWIFT_STANDARD_LIBRARIES = YES;
				CODE_SIGN_STYLE = Automatic;
				CURRENT_PROJECT_VERSION = 1;
				DEVELOPMENT_TEAM = FQRWL84Z3B;
				GENERATE_INFOPLIST_FILE = YES;
				MARKETING_VERSION = 1.0;
				PRODUCT_BUNDLE_IDENTIFIER = com.WooBi.AirbnbUITests;
				PRODUCT_NAME = "$(TARGET_NAME)";
				SWIFT_EMIT_LOC_STRINGS = NO;
				SWIFT_VERSION = 5.0;
				TARGETED_DEVICE_FAMILY = "1,2";
				TEST_TARGET_NAME = Airbnb;
			};
			name = Debug;
		};
		A5EE775C2B4AB1AC007067AA /* Release */ = {
			isa = XCBuildConfiguration;
			buildSettings = {
				ALWAYS_EMBED_SWIFT_STANDARD_LIBRARIES = YES;
				CODE_SIGN_STYLE = Automatic;
				CURRENT_PROJECT_VERSION = 1;
				DEVELOPMENT_TEAM = FQRWL84Z3B;
				GENERATE_INFOPLIST_FILE = YES;
				MARKETING_VERSION = 1.0;
				PRODUCT_BUNDLE_IDENTIFIER = com.WooBi.AirbnbUITests;
				PRODUCT_NAME = "$(TARGET_NAME)";
				SWIFT_EMIT_LOC_STRINGS = NO;
				SWIFT_VERSION = 5.0;
				TARGETED_DEVICE_FAMILY = "1,2";
				TEST_TARGET_NAME = Airbnb;
			};
			name = Release;
		};
/* End XCBuildConfiguration section */

/* Begin XCConfigurationList section */
		A5EE772B2B4AB1AA007067AA /* Build configuration list for PBXProject "Airbnb" */ = {
			isa = XCConfigurationList;
			buildConfigurations = (
				A5EE77522B4AB1AC007067AA /* Debug */,
				A5EE77532B4AB1AC007067AA /* Release */,
			);
			defaultConfigurationIsVisible = 0;
			defaultConfigurationName = Release;
		};
		A5EE77542B4AB1AC007067AA /* Build configuration list for PBXNativeTarget "Airbnb" */ = {
			isa = XCConfigurationList;
			buildConfigurations = (
				A5EE77552B4AB1AC007067AA /* Debug */,
				A5EE77562B4AB1AC007067AA /* Release */,
			);
			defaultConfigurationIsVisible = 0;
			defaultConfigurationName = Release;
		};
		A5EE77572B4AB1AC007067AA /* Build configuration list for PBXNativeTarget "AirbnbTests" */ = {
			isa = XCConfigurationList;
			buildConfigurations = (
				A5EE77582B4AB1AC007067AA /* Debug */,
				A5EE77592B4AB1AC007067AA /* Release */,
			);
			defaultConfigurationIsVisible = 0;
			defaultConfigurationName = Release;
		};
		A5EE775A2B4AB1AC007067AA /* Build configuration list for PBXNativeTarget "AirbnbUITests" */ = {
			isa = XCConfigurationList;
			buildConfigurations = (
				A5EE775B2B4AB1AC007067AA /* Debug */,
				A5EE775C2B4AB1AC007067AA /* Release */,
			);
			defaultConfigurationIsVisible = 0;
			defaultConfigurationName = Release;
		};
/* End XCConfigurationList section */
	};
	rootObject = A5EE77282B4AB1AA007067AA /* Project object */;
}
