// !$*UTF8*$!
{
	archiveVersion = 1;
	classes = {
	};
	objectVersion = 56;
	objects = {

/* Begin PBXBuildFile section */
		083A45DA2B4CD63F004AB0F1 /* RealmMigrationApp.swift in Sources */ = {isa = PBXBuildFile; fileRef = 083A45D92B4CD63F004AB0F1 /* RealmMigrationApp.swift */; };
		083A45DC2B4CD63F004AB0F1 /* ContentView.swift in Sources */ = {isa = PBXBuildFile; fileRef = 083A45DB2B4CD63F004AB0F1 /* ContentView.swift */; };
		083A45DE2B4CD640004AB0F1 /* Assets.xcassets in Resources */ = {isa = PBXBuildFile; fileRef = 083A45DD2B4CD640004AB0F1 /* Assets.xcassets */; };
		083A45E12B4CD640004AB0F1 /* Preview Assets.xcassets in Resources */ = {isa = PBXBuildFile; fileRef = 083A45E02B4CD640004AB0F1 /* Preview Assets.xcassets */; };
		083A45EB2B4CD640004AB0F1 /* RealmMigrationTests.swift in Sources */ = {isa = PBXBuildFile; fileRef = 083A45EA2B4CD640004AB0F1 /* RealmMigrationTests.swift */; };
		083A45F52B4CD640004AB0F1 /* RealmMigrationUITests.swift in Sources */ = {isa = PBXBuildFile; fileRef = 083A45F42B4CD640004AB0F1 /* RealmMigrationUITests.swift */; };
		083A45F72B4CD640004AB0F1 /* RealmMigrationUITestsLaunchTests.swift in Sources */ = {isa = PBXBuildFile; fileRef = 083A45F62B4CD640004AB0F1 /* RealmMigrationUITestsLaunchTests.swift */; };
		083A46052B4CD778004AB0F1 /* AddShoppingListScreen.swift in Sources */ = {isa = PBXBuildFile; fileRef = 083A46042B4CD778004AB0F1 /* AddShoppingListScreen.swift */; };
		083A46082B4CD8B7004AB0F1 /* ShoppingList.swift in Sources */ = {isa = PBXBuildFile; fileRef = 083A46072B4CD8B7004AB0F1 /* ShoppingList.swift */; };
		083A460B2B4CD8E4004AB0F1 /* Realm in Frameworks */ = {isa = PBXBuildFile; productRef = 083A460A2B4CD8E4004AB0F1 /* Realm */; };
		083A460D2B4CD8E4004AB0F1 /* RealmSwift in Frameworks */ = {isa = PBXBuildFile; productRef = 083A460C2B4CD8E4004AB0F1 /* RealmSwift */; };
		083A460F2B4CDDAC004AB0F1 /* ShoppingItem.swift in Sources */ = {isa = PBXBuildFile; fileRef = 083A460E2B4CDDAC004AB0F1 /* ShoppingItem.swift */; };
		083A46122B4CDF4A004AB0F1 /* Migrator.swift in Sources */ = {isa = PBXBuildFile; fileRef = 083A46112B4CDF4A004AB0F1 /* Migrator.swift */; };
/* End PBXBuildFile section */

/* Begin PBXContainerItemProxy section */
		083A45E72B4CD640004AB0F1 /* PBXContainerItemProxy */ = {
			isa = PBXContainerItemProxy;
			containerPortal = 083A45CE2B4CD63F004AB0F1 /* Project object */;
			proxyType = 1;
			remoteGlobalIDString = 083A45D52B4CD63F004AB0F1;
			remoteInfo = RealmMigration;
		};
		083A45F12B4CD640004AB0F1 /* PBXContainerItemProxy */ = {
			isa = PBXContainerItemProxy;
			containerPortal = 083A45CE2B4CD63F004AB0F1 /* Project object */;
			proxyType = 1;
			remoteGlobalIDString = 083A45D52B4CD63F004AB0F1;
			remoteInfo = RealmMigration;
		};
/* End PBXContainerItemProxy section */

/* Begin PBXFileReference section */
		083A45D62B4CD63F004AB0F1 /* RealmMigration.app */ = {isa = PBXFileReference; explicitFileType = wrapper.application; includeInIndex = 0; path = RealmMigration.app; sourceTree = BUILT_PRODUCTS_DIR; };
		083A45D92B4CD63F004AB0F1 /* RealmMigrationApp.swift */ = {isa = PBXFileReference; lastKnownFileType = sourcecode.swift; path = RealmMigrationApp.swift; sourceTree = "<group>"; };
		083A45DB2B4CD63F004AB0F1 /* ContentView.swift */ = {isa = PBXFileReference; lastKnownFileType = sourcecode.swift; path = ContentView.swift; sourceTree = "<group>"; };
		083A45DD2B4CD640004AB0F1 /* Assets.xcassets */ = {isa = PBXFileReference; lastKnownFileType = folder.assetcatalog; path = Assets.xcassets; sourceTree = "<group>"; };
		083A45E02B4CD640004AB0F1 /* Preview Assets.xcassets */ = {isa = PBXFileReference; lastKnownFileType = folder.assetcatalog; path = "Preview Assets.xcassets"; sourceTree = "<group>"; };
		083A45E62B4CD640004AB0F1 /* RealmMigrationTests.xctest */ = {isa = PBXFileReference; explicitFileType = wrapper.cfbundle; includeInIndex = 0; path = RealmMigrationTests.xctest; sourceTree = BUILT_PRODUCTS_DIR; };
		083A45EA2B4CD640004AB0F1 /* RealmMigrationTests.swift */ = {isa = PBXFileReference; lastKnownFileType = sourcecode.swift; path = RealmMigrationTests.swift; sourceTree = "<group>"; };
		083A45F02B4CD640004AB0F1 /* RealmMigrationUITests.xctest */ = {isa = PBXFileReference; explicitFileType = wrapper.cfbundle; includeInIndex = 0; path = RealmMigrationUITests.xctest; sourceTree = BUILT_PRODUCTS_DIR; };
		083A45F42B4CD640004AB0F1 /* RealmMigrationUITests.swift */ = {isa = PBXFileReference; lastKnownFileType = sourcecode.swift; path = RealmMigrationUITests.swift; sourceTree = "<group>"; };
		083A45F62B4CD640004AB0F1 /* RealmMigrationUITestsLaunchTests.swift */ = {isa = PBXFileReference; lastKnownFileType = sourcecode.swift; path = RealmMigrationUITestsLaunchTests.swift; sourceTree = "<group>"; };
		083A46042B4CD778004AB0F1 /* AddShoppingListScreen.swift */ = {isa = PBXFileReference; lastKnownFileType = sourcecode.swift; path = AddShoppingListScreen.swift; sourceTree = "<group>"; };
		083A46072B4CD8B7004AB0F1 /* ShoppingList.swift */ = {isa = PBXFileReference; lastKnownFileType = sourcecode.swift; path = ShoppingList.swift; sourceTree = "<group>"; };
		083A460E2B4CDDAC004AB0F1 /* ShoppingItem.swift */ = {isa = PBXFileReference; lastKnownFileType = sourcecode.swift; path = ShoppingItem.swift; sourceTree = "<group>"; };
		083A46112B4CDF4A004AB0F1 /* Migrator.swift */ = {isa = PBXFileReference; lastKnownFileType = sourcecode.swift; path = Migrator.swift; sourceTree = "<group>"; };
/* End PBXFileReference section */

/* Begin PBXFrameworksBuildPhase section */
		083A45D32B4CD63F004AB0F1 /* Frameworks */ = {
			isa = PBXFrameworksBuildPhase;
			buildActionMask = 2147483647;
			files = (
				083A460D2B4CD8E4004AB0F1 /* RealmSwift in Frameworks */,
				083A460B2B4CD8E4004AB0F1 /* Realm in Frameworks */,
			);
			runOnlyForDeploymentPostprocessing = 0;
		};
		083A45E32B4CD640004AB0F1 /* Frameworks */ = {
			isa = PBXFrameworksBuildPhase;
			buildActionMask = 2147483647;
			files = (
			);
			runOnlyForDeploymentPostprocessing = 0;
		};
		083A45ED2B4CD640004AB0F1 /* Frameworks */ = {
			isa = PBXFrameworksBuildPhase;
			buildActionMask = 2147483647;
			files = (
			);
			runOnlyForDeploymentPostprocessing = 0;
		};
/* End PBXFrameworksBuildPhase section */

/* Begin PBXGroup section */
		083A45CD2B4CD63F004AB0F1 = {
			isa = PBXGroup;
			children = (
				083A45D82B4CD63F004AB0F1 /* RealmMigration */,
				083A45E92B4CD640004AB0F1 /* RealmMigrationTests */,
				083A45F32B4CD640004AB0F1 /* RealmMigrationUITests */,
				083A45D72B4CD63F004AB0F1 /* Products */,
			);
			sourceTree = "<group>";
		};
		083A45D72B4CD63F004AB0F1 /* Products */ = {
			isa = PBXGroup;
			children = (
				083A45D62B4CD63F004AB0F1 /* RealmMigration.app */,
				083A45E62B4CD640004AB0F1 /* RealmMigrationTests.xctest */,
				083A45F02B4CD640004AB0F1 /* RealmMigrationUITests.xctest */,
			);
			name = Products;
			sourceTree = "<group>";
		};
		083A45D82B4CD63F004AB0F1 /* RealmMigration */ = {
			isa = PBXGroup;
			children = (
				083A45D92B4CD63F004AB0F1 /* RealmMigrationApp.swift */,
				083A46102B4CDEBA004AB0F1 /* Utils */,
				083A46062B4CD8A8004AB0F1 /* Models */,
				083A46032B4CD76C004AB0F1 /* Screens */,
				083A45DB2B4CD63F004AB0F1 /* ContentView.swift */,
				083A45DD2B4CD640004AB0F1 /* Assets.xcassets */,
				083A45DF2B4CD640004AB0F1 /* Preview Content */,
			);
			path = RealmMigration;
			sourceTree = "<group>";
		};
		083A45DF2B4CD640004AB0F1 /* Preview Content */ = {
			isa = PBXGroup;
			children = (
				083A45E02B4CD640004AB0F1 /* Preview Assets.xcassets */,
			);
			path = "Preview Content";
			sourceTree = "<group>";
		};
		083A45E92B4CD640004AB0F1 /* RealmMigrationTests */ = {
			isa = PBXGroup;
			children = (
				083A45EA2B4CD640004AB0F1 /* RealmMigrationTests.swift */,
			);
			path = RealmMigrationTests;
			sourceTree = "<group>";
		};
		083A45F32B4CD640004AB0F1 /* RealmMigrationUITests */ = {
			isa = PBXGroup;
			children = (
				083A45F42B4CD640004AB0F1 /* RealmMigrationUITests.swift */,
				083A45F62B4CD640004AB0F1 /* RealmMigrationUITestsLaunchTests.swift */,
			);
			path = RealmMigrationUITests;
			sourceTree = "<group>";
		};
		083A46032B4CD76C004AB0F1 /* Screens */ = {
			isa = PBXGroup;
			children = (
				083A46042B4CD778004AB0F1 /* AddShoppingListScreen.swift */,
			);
			path = Screens;
			sourceTree = "<group>";
		};
		083A46062B4CD8A8004AB0F1 /* Models */ = {
			isa = PBXGroup;
			children = (
				083A46072B4CD8B7004AB0F1 /* ShoppingList.swift */,
				083A460E2B4CDDAC004AB0F1 /* ShoppingItem.swift */,
			);
			path = Models;
			sourceTree = "<group>";
		};
		083A46102B4CDEBA004AB0F1 /* Utils */ = {
			isa = PBXGroup;
			children = (
				083A46112B4CDF4A004AB0F1 /* Migrator.swift */,
			);
			path = Utils;
			sourceTree = "<group>";
		};
/* End PBXGroup section */

/* Begin PBXNativeTarget section */
		083A45D52B4CD63F004AB0F1 /* RealmMigration */ = {
			isa = PBXNativeTarget;
			buildConfigurationList = 083A45FA2B4CD640004AB0F1 /* Build configuration list for PBXNativeTarget "RealmMigration" */;
			buildPhases = (
				083A45D22B4CD63F004AB0F1 /* Sources */,
				083A45D32B4CD63F004AB0F1 /* Frameworks */,
				083A45D42B4CD63F004AB0F1 /* Resources */,
			);
			buildRules = (
			);
			dependencies = (
			);
			name = RealmMigration;
			packageProductDependencies = (
				083A460A2B4CD8E4004AB0F1 /* Realm */,
				083A460C2B4CD8E4004AB0F1 /* RealmSwift */,
			);
			productName = RealmMigration;
			productReference = 083A45D62B4CD63F004AB0F1 /* RealmMigration.app */;
			productType = "com.apple.product-type.application";
		};
		083A45E52B4CD640004AB0F1 /* RealmMigrationTests */ = {
			isa = PBXNativeTarget;
			buildConfigurationList = 083A45FD2B4CD640004AB0F1 /* Build configuration list for PBXNativeTarget "RealmMigrationTests" */;
			buildPhases = (
				083A45E22B4CD640004AB0F1 /* Sources */,
				083A45E32B4CD640004AB0F1 /* Frameworks */,
				083A45E42B4CD640004AB0F1 /* Resources */,
			);
			buildRules = (
			);
			dependencies = (
				083A45E82B4CD640004AB0F1 /* PBXTargetDependency */,
			);
			name = RealmMigrationTests;
			productName = RealmMigrationTests;
			productReference = 083A45E62B4CD640004AB0F1 /* RealmMigrationTests.xctest */;
			productType = "com.apple.product-type.bundle.unit-test";
		};
		083A45EF2B4CD640004AB0F1 /* RealmMigrationUITests */ = {
			isa = PBXNativeTarget;
			buildConfigurationList = 083A46002B4CD640004AB0F1 /* Build configuration list for PBXNativeTarget "RealmMigrationUITests" */;
			buildPhases = (
				083A45EC2B4CD640004AB0F1 /* Sources */,
				083A45ED2B4CD640004AB0F1 /* Frameworks */,
				083A45EE2B4CD640004AB0F1 /* Resources */,
			);
			buildRules = (
			);
			dependencies = (
				083A45F22B4CD640004AB0F1 /* PBXTargetDependency */,
			);
			name = RealmMigrationUITests;
			productName = RealmMigrationUITests;
			productReference = 083A45F02B4CD640004AB0F1 /* RealmMigrationUITests.xctest */;
			productType = "com.apple.product-type.bundle.ui-testing";
		};
/* End PBXNativeTarget section */

/* Begin PBXProject section */
		083A45CE2B4CD63F004AB0F1 /* Project object */ = {
			isa = PBXProject;
			attributes = {
				BuildIndependentTargetsInParallel = 1;
				LastSwiftUpdateCheck = 1510;
				LastUpgradeCheck = 1510;
				TargetAttributes = {
					083A45D52B4CD63F004AB0F1 = {
						CreatedOnToolsVersion = 15.1;
					};
					083A45E52B4CD640004AB0F1 = {
						CreatedOnToolsVersion = 15.1;
						TestTargetID = 083A45D52B4CD63F004AB0F1;
					};
					083A45EF2B4CD640004AB0F1 = {
						CreatedOnToolsVersion = 15.1;
						TestTargetID = 083A45D52B4CD63F004AB0F1;
					};
				};
			};
			buildConfigurationList = 083A45D12B4CD63F004AB0F1 /* Build configuration list for PBXProject "RealmMigration" */;
			compatibilityVersion = "Xcode 14.0";
			developmentRegion = en;
			hasScannedForEncodings = 0;
			knownRegions = (
				en,
				Base,
			);
			mainGroup = 083A45CD2B4CD63F004AB0F1;
			packageReferences = (
				083A46092B4CD8E4004AB0F1 /* XCRemoteSwiftPackageReference "realm-swift" */,
			);
			productRefGroup = 083A45D72B4CD63F004AB0F1 /* Products */;
			projectDirPath = "";
			projectRoot = "";
			targets = (
				083A45D52B4CD63F004AB0F1 /* RealmMigration */,
				083A45E52B4CD640004AB0F1 /* RealmMigrationTests */,
				083A45EF2B4CD640004AB0F1 /* RealmMigrationUITests */,
			);
		};
/* End PBXProject section */

/* Begin PBXResourcesBuildPhase section */
		083A45D42B4CD63F004AB0F1 /* Resources */ = {
			isa = PBXResourcesBuildPhase;
			buildActionMask = 2147483647;
			files = (
				083A45E12B4CD640004AB0F1 /* Preview Assets.xcassets in Resources */,
				083A45DE2B4CD640004AB0F1 /* Assets.xcassets in Resources */,
			);
			runOnlyForDeploymentPostprocessing = 0;
		};
		083A45E42B4CD640004AB0F1 /* Resources */ = {
			isa = PBXResourcesBuildPhase;
			buildActionMask = 2147483647;
			files = (
			);
			runOnlyForDeploymentPostprocessing = 0;
		};
		083A45EE2B4CD640004AB0F1 /* Resources */ = {
			isa = PBXResourcesBuildPhase;
			buildActionMask = 2147483647;
			files = (
			);
			runOnlyForDeploymentPostprocessing = 0;
		};
/* End PBXResourcesBuildPhase section */

/* Begin PBXSourcesBuildPhase section */
		083A45D22B4CD63F004AB0F1 /* Sources */ = {
			isa = PBXSourcesBuildPhase;
			buildActionMask = 2147483647;
			files = (
				083A45DC2B4CD63F004AB0F1 /* ContentView.swift in Sources */,
				083A46082B4CD8B7004AB0F1 /* ShoppingList.swift in Sources */,
				083A46122B4CDF4A004AB0F1 /* Migrator.swift in Sources */,
				083A45DA2B4CD63F004AB0F1 /* RealmMigrationApp.swift in Sources */,
				083A460F2B4CDDAC004AB0F1 /* ShoppingItem.swift in Sources */,
				083A46052B4CD778004AB0F1 /* AddShoppingListScreen.swift in Sources */,
			);
			runOnlyForDeploymentPostprocessing = 0;
		};
		083A45E22B4CD640004AB0F1 /* Sources */ = {
			isa = PBXSourcesBuildPhase;
			buildActionMask = 2147483647;
			files = (
				083A45EB2B4CD640004AB0F1 /* RealmMigrationTests.swift in Sources */,
			);
			runOnlyForDeploymentPostprocessing = 0;
		};
		083A45EC2B4CD640004AB0F1 /* Sources */ = {
			isa = PBXSourcesBuildPhase;
			buildActionMask = 2147483647;
			files = (
				083A45F52B4CD640004AB0F1 /* RealmMigrationUITests.swift in Sources */,
				083A45F72B4CD640004AB0F1 /* RealmMigrationUITestsLaunchTests.swift in Sources */,
			);
			runOnlyForDeploymentPostprocessing = 0;
		};
/* End PBXSourcesBuildPhase section */

/* Begin PBXTargetDependency section */
		083A45E82B4CD640004AB0F1 /* PBXTargetDependency */ = {
			isa = PBXTargetDependency;
			target = 083A45D52B4CD63F004AB0F1 /* RealmMigration */;
			targetProxy = 083A45E72B4CD640004AB0F1 /* PBXContainerItemProxy */;
		};
		083A45F22B4CD640004AB0F1 /* PBXTargetDependency */ = {
			isa = PBXTargetDependency;
			target = 083A45D52B4CD63F004AB0F1 /* RealmMigration */;
			targetProxy = 083A45F12B4CD640004AB0F1 /* PBXContainerItemProxy */;
		};
/* End PBXTargetDependency section */

/* Begin XCBuildConfiguration section */
		083A45F82B4CD640004AB0F1 /* Debug */ = {
			isa = XCBuildConfiguration;
			buildSettings = {
				ALWAYS_SEARCH_USER_PATHS = NO;
				ASSETCATALOG_COMPILER_GENERATE_SWIFT_ASSET_SYMBOL_EXTENSIONS = YES;
				CLANG_ANALYZER_NONNULL = YES;
				CLANG_ANALYZER_NUMBER_OBJECT_CONVERSION = YES_AGGRESSIVE;
				CLANG_CXX_LANGUAGE_STANDARD = "gnu++20";
				CLANG_ENABLE_MODULES = YES;
				CLANG_ENABLE_OBJC_ARC = YES;
				CLANG_ENABLE_OBJC_WEAK = YES;
				CLANG_WARN_BLOCK_CAPTURE_AUTORELEASING = YES;
				CLANG_WARN_BOOL_CONVERSION = YES;
				CLANG_WARN_COMMA = YES;
				CLANG_WARN_CONSTANT_CONVERSION = YES;
				CLANG_WARN_DEPRECATED_OBJC_IMPLEMENTATIONS = YES;
				CLANG_WARN_DIRECT_OBJC_ISA_USAGE = YES_ERROR;
				CLANG_WARN_DOCUMENTATION_COMMENTS = YES;
				CLANG_WARN_EMPTY_BODY = YES;
				CLANG_WARN_ENUM_CONVERSION = YES;
				CLANG_WARN_INFINITE_RECURSION = YES;
				CLANG_WARN_INT_CONVERSION = YES;
				CLANG_WARN_NON_LITERAL_NULL_CONVERSION = YES;
				CLANG_WARN_OBJC_IMPLICIT_RETAIN_SELF = YES;
				CLANG_WARN_OBJC_LITERAL_CONVERSION = YES;
				CLANG_WARN_OBJC_ROOT_CLASS = YES_ERROR;
				CLANG_WARN_QUOTED_INCLUDE_IN_FRAMEWORK_HEADER = YES;
				CLANG_WARN_RANGE_LOOP_ANALYSIS = YES;
				CLANG_WARN_STRICT_PROTOTYPES = YES;
				CLANG_WARN_SUSPICIOUS_MOVE = YES;
				CLANG_WARN_UNGUARDED_AVAILABILITY = YES_AGGRESSIVE;
				CLANG_WARN_UNREACHABLE_CODE = YES;
				CLANG_WARN__DUPLICATE_METHOD_MATCH = YES;
				COPY_PHASE_STRIP = NO;
				DEBUG_INFORMATION_FORMAT = dwarf;
				ENABLE_STRICT_OBJC_MSGSEND = YES;
				ENABLE_TESTABILITY = YES;
				ENABLE_USER_SCRIPT_SANDBOXING = YES;
				GCC_C_LANGUAGE_STANDARD = gnu17;
				GCC_DYNAMIC_NO_PIC = NO;
				GCC_NO_COMMON_BLOCKS = YES;
				GCC_OPTIMIZATION_LEVEL = 0;
				GCC_PREPROCESSOR_DEFINITIONS = (
					"DEBUG=1",
					"$(inherited)",
				);
				GCC_WARN_64_TO_32_BIT_CONVERSION = YES;
				GCC_WARN_ABOUT_RETURN_TYPE = YES_ERROR;
				GCC_WARN_UNDECLARED_SELECTOR = YES;
				GCC_WARN_UNINITIALIZED_AUTOS = YES_AGGRESSIVE;
				GCC_WARN_UNUSED_FUNCTION = YES;
				GCC_WARN_UNUSED_VARIABLE = YES;
				IPHONEOS_DEPLOYMENT_TARGET = 17.2;
				LOCALIZATION_PREFERS_STRING_CATALOGS = YES;
				MTL_ENABLE_DEBUG_INFO = INCLUDE_SOURCE;
				MTL_FAST_MATH = YES;
				ONLY_ACTIVE_ARCH = YES;
				SDKROOT = iphoneos;
				SWIFT_ACTIVE_COMPILATION_CONDITIONS = "DEBUG $(inherited)";
				SWIFT_OPTIMIZATION_LEVEL = "-Onone";
			};
			name = Debug;
		};
		083A45F92B4CD640004AB0F1 /* Release */ = {
			isa = XCBuildConfiguration;
			buildSettings = {
				ALWAYS_SEARCH_USER_PATHS = NO;
				ASSETCATALOG_COMPILER_GENERATE_SWIFT_ASSET_SYMBOL_EXTENSIONS = YES;
				CLANG_ANALYZER_NONNULL = YES;
				CLANG_ANALYZER_NUMBER_OBJECT_CONVERSION = YES_AGGRESSIVE;
				CLANG_CXX_LANGUAGE_STANDARD = "gnu++20";
				CLANG_ENABLE_MODULES = YES;
				CLANG_ENABLE_OBJC_ARC = YES;
				CLANG_ENABLE_OBJC_WEAK = YES;
				CLANG_WARN_BLOCK_CAPTURE_AUTORELEASING = YES;
				CLANG_WARN_BOOL_CONVERSION = YES;
				CLANG_WARN_COMMA = YES;
				CLANG_WARN_CONSTANT_CONVERSION = YES;
				CLANG_WARN_DEPRECATED_OBJC_IMPLEMENTATIONS = YES;
				CLANG_WARN_DIRECT_OBJC_ISA_USAGE = YES_ERROR;
				CLANG_WARN_DOCUMENTATION_COMMENTS = YES;
				CLANG_WARN_EMPTY_BODY = YES;
				CLANG_WARN_ENUM_CONVERSION = YES;
				CLANG_WARN_INFINITE_RECURSION = YES;
				CLANG_WARN_INT_CONVERSION = YES;
				CLANG_WARN_NON_LITERAL_NULL_CONVERSION = YES;
				CLANG_WARN_OBJC_IMPLICIT_RETAIN_SELF = YES;
				CLANG_WARN_OBJC_LITERAL_CONVERSION = YES;
				CLANG_WARN_OBJC_ROOT_CLASS = YES_ERROR;
				CLANG_WARN_QUOTED_INCLUDE_IN_FRAMEWORK_HEADER = YES;
				CLANG_WARN_RANGE_LOOP_ANALYSIS = YES;
				CLANG_WARN_STRICT_PROTOTYPES = YES;
				CLANG_WARN_SUSPICIOUS_MOVE = YES;
				CLANG_WARN_UNGUARDED_AVAILABILITY = YES_AGGRESSIVE;
				CLANG_WARN_UNREACHABLE_CODE = YES;
				CLANG_WARN__DUPLICATE_METHOD_MATCH = YES;
				COPY_PHASE_STRIP = NO;
				DEBUG_INFORMATION_FORMAT = "dwarf-with-dsym";
				ENABLE_NS_ASSERTIONS = NO;
				ENABLE_STRICT_OBJC_MSGSEND = YES;
				ENABLE_USER_SCRIPT_SANDBOXING = YES;
				GCC_C_LANGUAGE_STANDARD = gnu17;
				GCC_NO_COMMON_BLOCKS = YES;
				GCC_WARN_64_TO_32_BIT_CONVERSION = YES;
				GCC_WARN_ABOUT_RETURN_TYPE = YES_ERROR;
				GCC_WARN_UNDECLARED_SELECTOR = YES;
				GCC_WARN_UNINITIALIZED_AUTOS = YES_AGGRESSIVE;
				GCC_WARN_UNUSED_FUNCTION = YES;
				GCC_WARN_UNUSED_VARIABLE = YES;
				IPHONEOS_DEPLOYMENT_TARGET = 17.2;
				LOCALIZATION_PREFERS_STRING_CATALOGS = YES;
				MTL_ENABLE_DEBUG_INFO = NO;
				MTL_FAST_MATH = YES;
				SDKROOT = iphoneos;
				SWIFT_COMPILATION_MODE = wholemodule;
				VALIDATE_PRODUCT = YES;
			};
			name = Release;
		};
		083A45FB2B4CD640004AB0F1 /* Debug */ = {
			isa = XCBuildConfiguration;
			buildSettings = {
				ASSETCATALOG_COMPILER_APPICON_NAME = AppIcon;
				ASSETCATALOG_COMPILER_GLOBAL_ACCENT_COLOR_NAME = AccentColor;
				CODE_SIGN_STYLE = Automatic;
				CURRENT_PROJECT_VERSION = 1;
				DEVELOPMENT_ASSET_PATHS = "\"RealmMigration/Preview Content\"";
				DEVELOPMENT_TEAM = FQRWL84Z3B;
				ENABLE_PREVIEWS = YES;
				GENERATE_INFOPLIST_FILE = YES;
				INFOPLIST_KEY_UIApplicationSceneManifest_Generation = YES;
				INFOPLIST_KEY_UIApplicationSupportsIndirectInputEvents = YES;
				INFOPLIST_KEY_UILaunchScreen_Generation = YES;
				INFOPLIST_KEY_UISupportedInterfaceOrientations_iPad = "UIInterfaceOrientationPortrait UIInterfaceOrientationPortraitUpsideDown UIInterfaceOrientationLandscapeLeft UIInterfaceOrientationLandscapeRight";
				INFOPLIST_KEY_UISupportedInterfaceOrientations_iPhone = "UIInterfaceOrientationPortrait UIInterfaceOrientationLandscapeLeft UIInterfaceOrientationLandscapeRight";
				LD_RUNPATH_SEARCH_PATHS = (
					"$(inherited)",
					"@executable_path/Frameworks",
				);
				MARKETING_VERSION = 1.0;
				PRODUCT_BUNDLE_IDENTIFIER = com.woosub.RealmMigration;
				PRODUCT_NAME = "$(TARGET_NAME)";
				SWIFT_EMIT_LOC_STRINGS = YES;
				SWIFT_VERSION = 5.0;
				TARGETED_DEVICE_FAMILY = "1,2";
			};
			name = Debug;
		};
		083A45FC2B4CD640004AB0F1 /* Release */ = {
			isa = XCBuildConfiguration;
			buildSettings = {
				ASSETCATALOG_COMPILER_APPICON_NAME = AppIcon;
				ASSETCATALOG_COMPILER_GLOBAL_ACCENT_COLOR_NAME = AccentColor;
				CODE_SIGN_STYLE = Automatic;
				CURRENT_PROJECT_VERSION = 1;
				DEVELOPMENT_ASSET_PATHS = "\"RealmMigration/Preview Content\"";
				DEVELOPMENT_TEAM = FQRWL84Z3B;
				ENABLE_PREVIEWS = YES;
				GENERATE_INFOPLIST_FILE = YES;
				INFOPLIST_KEY_UIApplicationSceneManifest_Generation = YES;
				INFOPLIST_KEY_UIApplicationSupportsIndirectInputEvents = YES;
				INFOPLIST_KEY_UILaunchScreen_Generation = YES;
				INFOPLIST_KEY_UISupportedInterfaceOrientations_iPad = "UIInterfaceOrientationPortrait UIInterfaceOrientationPortraitUpsideDown UIInterfaceOrientationLandscapeLeft UIInterfaceOrientationLandscapeRight";
				INFOPLIST_KEY_UISupportedInterfaceOrientations_iPhone = "UIInterfaceOrientationPortrait UIInterfaceOrientationLandscapeLeft UIInterfaceOrientationLandscapeRight";
				LD_RUNPATH_SEARCH_PATHS = (
					"$(inherited)",
					"@executable_path/Frameworks",
				);
				MARKETING_VERSION = 1.0;
				PRODUCT_BUNDLE_IDENTIFIER = com.woosub.RealmMigration;
				PRODUCT_NAME = "$(TARGET_NAME)";
				SWIFT_EMIT_LOC_STRINGS = YES;
				SWIFT_VERSION = 5.0;
				TARGETED_DEVICE_FAMILY = "1,2";
			};
			name = Release;
		};
		083A45FE2B4CD640004AB0F1 /* Debug */ = {
			isa = XCBuildConfiguration;
			buildSettings = {
				ALWAYS_EMBED_SWIFT_STANDARD_LIBRARIES = YES;
				BUNDLE_LOADER = "$(TEST_HOST)";
				CODE_SIGN_STYLE = Automatic;
				CURRENT_PROJECT_VERSION = 1;
				DEVELOPMENT_TEAM = FQRWL84Z3B;
				GENERATE_INFOPLIST_FILE = YES;
				IPHONEOS_DEPLOYMENT_TARGET = 17.2;
				MARKETING_VERSION = 1.0;
				PRODUCT_BUNDLE_IDENTIFIER = com.woosub.RealmMigrationTests;
				PRODUCT_NAME = "$(TARGET_NAME)";
				SWIFT_EMIT_LOC_STRINGS = NO;
				SWIFT_VERSION = 5.0;
				TARGETED_DEVICE_FAMILY = "1,2";
				TEST_HOST = "$(BUILT_PRODUCTS_DIR)/RealmMigration.app/$(BUNDLE_EXECUTABLE_FOLDER_PATH)/RealmMigration";
			};
			name = Debug;
		};
		083A45FF2B4CD640004AB0F1 /* Release */ = {
			isa = XCBuildConfiguration;
			buildSettings = {
				ALWAYS_EMBED_SWIFT_STANDARD_LIBRARIES = YES;
				BUNDLE_LOADER = "$(TEST_HOST)";
				CODE_SIGN_STYLE = Automatic;
				CURRENT_PROJECT_VERSION = 1;
				DEVELOPMENT_TEAM = FQRWL84Z3B;
				GENERATE_INFOPLIST_FILE = YES;
				IPHONEOS_DEPLOYMENT_TARGET = 17.2;
				MARKETING_VERSION = 1.0;
				PRODUCT_BUNDLE_IDENTIFIER = com.woosub.RealmMigrationTests;
				PRODUCT_NAME = "$(TARGET_NAME)";
				SWIFT_EMIT_LOC_STRINGS = NO;
				SWIFT_VERSION = 5.0;
				TARGETED_DEVICE_FAMILY = "1,2";
				TEST_HOST = "$(BUILT_PRODUCTS_DIR)/RealmMigration.app/$(BUNDLE_EXECUTABLE_FOLDER_PATH)/RealmMigration";
			};
			name = Release;
		};
		083A46012B4CD640004AB0F1 /* Debug */ = {
			isa = XCBuildConfiguration;
			buildSettings = {
				ALWAYS_EMBED_SWIFT_STANDARD_LIBRARIES = YES;
				CODE_SIGN_STYLE = Automatic;
				CURRENT_PROJECT_VERSION = 1;
				DEVELOPMENT_TEAM = FQRWL84Z3B;
				GENERATE_INFOPLIST_FILE = YES;
				MARKETING_VERSION = 1.0;
				PRODUCT_BUNDLE_IDENTIFIER = com.woosub.RealmMigrationUITests;
				PRODUCT_NAME = "$(TARGET_NAME)";
				SWIFT_EMIT_LOC_STRINGS = NO;
				SWIFT_VERSION = 5.0;
				TARGETED_DEVICE_FAMILY = "1,2";
				TEST_TARGET_NAME = RealmMigration;
			};
			name = Debug;
		};
		083A46022B4CD640004AB0F1 /* Release */ = {
			isa = XCBuildConfiguration;
			buildSettings = {
				ALWAYS_EMBED_SWIFT_STANDARD_LIBRARIES = YES;
				CODE_SIGN_STYLE = Automatic;
				CURRENT_PROJECT_VERSION = 1;
				DEVELOPMENT_TEAM = FQRWL84Z3B;
				GENERATE_INFOPLIST_FILE = YES;
				MARKETING_VERSION = 1.0;
				PRODUCT_BUNDLE_IDENTIFIER = com.woosub.RealmMigrationUITests;
				PRODUCT_NAME = "$(TARGET_NAME)";
				SWIFT_EMIT_LOC_STRINGS = NO;
				SWIFT_VERSION = 5.0;
				TARGETED_DEVICE_FAMILY = "1,2";
				TEST_TARGET_NAME = RealmMigration;
			};
			name = Release;
		};
/* End XCBuildConfiguration section */

/* Begin XCConfigurationList section */
		083A45D12B4CD63F004AB0F1 /* Build configuration list for PBXProject "RealmMigration" */ = {
			isa = XCConfigurationList;
			buildConfigurations = (
				083A45F82B4CD640004AB0F1 /* Debug */,
				083A45F92B4CD640004AB0F1 /* Release */,
			);
			defaultConfigurationIsVisible = 0;
			defaultConfigurationName = Release;
		};
		083A45FA2B4CD640004AB0F1 /* Build configuration list for PBXNativeTarget "RealmMigration" */ = {
			isa = XCConfigurationList;
			buildConfigurations = (
				083A45FB2B4CD640004AB0F1 /* Debug */,
				083A45FC2B4CD640004AB0F1 /* Release */,
			);
			defaultConfigurationIsVisible = 0;
			defaultConfigurationName = Release;
		};
		083A45FD2B4CD640004AB0F1 /* Build configuration list for PBXNativeTarget "RealmMigrationTests" */ = {
			isa = XCConfigurationList;
			buildConfigurations = (
				083A45FE2B4CD640004AB0F1 /* Debug */,
				083A45FF2B4CD640004AB0F1 /* Release */,
			);
			defaultConfigurationIsVisible = 0;
			defaultConfigurationName = Release;
		};
		083A46002B4CD640004AB0F1 /* Build configuration list for PBXNativeTarget "RealmMigrationUITests" */ = {
			isa = XCConfigurationList;
			buildConfigurations = (
				083A46012B4CD640004AB0F1 /* Debug */,
				083A46022B4CD640004AB0F1 /* Release */,
			);
			defaultConfigurationIsVisible = 0;
			defaultConfigurationName = Release;
		};
/* End XCConfigurationList section */

/* Begin XCRemoteSwiftPackageReference section */
		083A46092B4CD8E4004AB0F1 /* XCRemoteSwiftPackageReference "realm-swift" */ = {
			isa = XCRemoteSwiftPackageReference;
			repositoryURL = "https://github.com/realm/realm-swift.git";
			requirement = {
				branch = master;
				kind = branch;
			};
		};
/* End XCRemoteSwiftPackageReference section */

/* Begin XCSwiftPackageProductDependency section */
		083A460A2B4CD8E4004AB0F1 /* Realm */ = {
			isa = XCSwiftPackageProductDependency;
			package = 083A46092B4CD8E4004AB0F1 /* XCRemoteSwiftPackageReference "realm-swift" */;
			productName = Realm;
		};
		083A460C2B4CD8E4004AB0F1 /* RealmSwift */ = {
			isa = XCSwiftPackageProductDependency;
			package = 083A46092B4CD8E4004AB0F1 /* XCRemoteSwiftPackageReference "realm-swift" */;
			productName = RealmSwift;
		};
/* End XCSwiftPackageProductDependency section */
	};
	rootObject = 083A45CE2B4CD63F004AB0F1 /* Project object */;
}
